// !$*UTF8*$!
{
	archiveVersion = 1;
	classes = {
	};
	objectVersion = 63;
	objects = {

/* Begin PBXBuildFile section */
		4D03F6E02DF2545600475383 /* UploadedSessionPayloadTestUserInfoView.swift in Sources */ = {isa = PBXBuildFile; fileRef = 4D03F6DF2DF2544600475383 /* UploadedSessionPayloadTestUserInfoView.swift */; };
		4D03F6E32DF36F6F00475383 /* UserInfo.swift in Sources */ = {isa = PBXBuildFile; fileRef = 4D03F6E22DF36F5A00475383 /* UserInfo.swift */; };
		4D1E16AE2E678CF7001295A1 /* PerformanceTestScreenDataModel.swift in Sources */ = {isa = PBXBuildFile; fileRef = 4D1E16AD2E678CEC001295A1 /* PerformanceTestScreenDataModel.swift */; };
		4D1E16B62E67AFE9001295A1 /* PerformanceTestSpansUIComponent.swift in Sources */ = {isa = PBXBuildFile; fileRef = 4D1E16B52E67AFE0001295A1 /* PerformanceTestSpansUIComponent.swift */; };
		4D1E16B82E67AFF2001295A1 /* PerformanceTestLogsUIComponent.swift in Sources */ = {isa = PBXBuildFile; fileRef = 4D1E16B72E67AFED001295A1 /* PerformanceTestLogsUIComponent.swift */; };
		4D1E16BA2E67B0D3001295A1 /* PerformanceTestSpansViewModel.swift in Sources */ = {isa = PBXBuildFile; fileRef = 4D1E16B92E67B0C6001295A1 /* PerformanceTestSpansViewModel.swift */; };
		4D1E16BC2E67B21F001295A1 /* PerformanceTestLogsViewModel.swift in Sources */ = {isa = PBXBuildFile; fileRef = 4D1E16BB2E67B21A001295A1 /* PerformanceTestLogsViewModel.swift */; };
		4D1E16BE2E688E3F001295A1 /* PerformanceSpanTest.swift in Sources */ = {isa = PBXBuildFile; fileRef = 4D1E16BD2E688E39001295A1 /* PerformanceSpanTest.swift */; };
		4D1E16C02E68F027001295A1 /* PerformanceLogTest.swift in Sources */ = {isa = PBXBuildFile; fileRef = 4D1E16BF2E68F01F001295A1 /* PerformanceLogTest.swift */; };
		4D1E16C22E690834001295A1 /* PerformanceTestSliderView.swift in Sources */ = {isa = PBXBuildFile; fileRef = 4D1E16C12E69082E001295A1 /* PerformanceTestSliderView.swift */; };
		4D3334C42DFB893200C699B4 /* StartupStateSpanTest.swift in Sources */ = {isa = PBXBuildFile; fileRef = 4D3334C32DFB892300C699B4 /* StartupStateSpanTest.swift */; };
		4D3334C72DFCC77D00C699B4 /* StartupStateTestUIComponent.swift in Sources */ = {isa = PBXBuildFile; fileRef = 4D3334C62DFCC77400C699B4 /* StartupStateTestUIComponent.swift */; };
		4D3334CD2DFCC8B100C699B4 /* StartupStateTestViewModel.swift in Sources */ = {isa = PBXBuildFile; fileRef = 4D3334CC2DFCC8AC00C699B4 /* StartupStateTestViewModel.swift */; };
		4D372B242DF0B12E00B1D1E1 /* UploadedSessionPayloadTestPersonasView.swift in Sources */ = {isa = PBXBuildFile; fileRef = 4D372B232DF0B11E00B1D1E1 /* UploadedSessionPayloadTestPersonasView.swift */; };
		4D4CE7F42DFCF1E500740AC3 /* StartupFirstFrameSpanTest.swift in Sources */ = {isa = PBXBuildFile; fileRef = 4D4CE7F32DFCF1DB00740AC3 /* StartupFirstFrameSpanTest.swift */; };
		4D4CE7F62DFCF28900740AC3 /* StartupSDKSetupSpanTest.swift in Sources */ = {isa = PBXBuildFile; fileRef = 4D4CE7F52DFCF28100740AC3 /* StartupSDKSetupSpanTest.swift */; };
		4D4CE7F82DFCF2ED00740AC3 /* StartupSDKStartSpanTest.swift in Sources */ = {isa = PBXBuildFile; fileRef = 4D4CE7F72DFCF2E500740AC3 /* StartupSDKStartSpanTest.swift */; };
		4D4CE7FA2DFCF9A400740AC3 /* StartupProcessLaunchSpanTest.swift in Sources */ = {isa = PBXBuildFile; fileRef = 4D4CE7F92DFCF99900740AC3 /* StartupProcessLaunchSpanTest.swift */; };
		4D4CE7FC2DFCFA5C00740AC3 /* StartupAppStartupInitSpanTest.swift in Sources */ = {isa = PBXBuildFile; fileRef = 4D4CE7FB2DFCFA4D00740AC3 /* StartupAppStartupInitSpanTest.swift */; };
		4D4CE7FF2E0319F500740AC3 /* EmbraceInitScreenForceStateView.swift in Sources */ = {isa = PBXBuildFile; fileRef = 4D4CE7FE2E0319E700740AC3 /* EmbraceInitScreenForceStateView.swift */; };
		4D4CE8022E031A6200740AC3 /* EmbraceInitForceState.swift in Sources */ = {isa = PBXBuildFile; fileRef = 4D4CE8012E031A5400740AC3 /* EmbraceInitForceState.swift */; };
		4D54F2812E3AB89D00E38132 /* EmbraceCore in Frameworks */ = {isa = PBXBuildFile; productRef = 4D54F2802E3AB89D00E38132 /* EmbraceCore */; };
		4D54F2852E3AB89D00E38132 /* EmbraceCrashlyticsSupport in Frameworks */ = {isa = PBXBuildFile; productRef = 4D54F2842E3AB89D00E38132 /* EmbraceCrashlyticsSupport */; };
		4D54F2872E3AB89D00E38132 /* EmbraceIO in Frameworks */ = {isa = PBXBuildFile; productRef = 4D54F2862E3AB89D00E38132 /* EmbraceIO */; };
		4D54F2892E3AB89D00E38132 /* EmbraceMacros in Frameworks */ = {isa = PBXBuildFile; productRef = 4D54F2882E3AB89D00E38132 /* EmbraceMacros */; };
		4D54F28B2E3AB89D00E38132 /* EmbraceSemantics in Frameworks */ = {isa = PBXBuildFile; productRef = 4D54F28A2E3AB89D00E38132 /* EmbraceSemantics */; };
		4D54F28E2E3ABCA100E38132 /* SwiftUICaptureType.swift in Sources */ = {isa = PBXBuildFile; fileRef = 4D54F28D2E3ABC9C00E38132 /* SwiftUICaptureType.swift */; };
		4D54F2902E3ABD5800E38132 /* SwiftUITestViewManualCapture.swift in Sources */ = {isa = PBXBuildFile; fileRef = 4D54F28F2E3ABD5100E38132 /* SwiftUITestViewManualCapture.swift */; };
		4D54F2922E3ABD8B00E38132 /* SwiftUITestViewMacroCapture.swift in Sources */ = {isa = PBXBuildFile; fileRef = 4D54F2912E3ABD8200E38132 /* SwiftUITestViewMacroCapture.swift */; };
		4D5E45FE2E0B07F900FA6E0E /* OTelSemanticsValidation.swift in Sources */ = {isa = PBXBuildFile; fileRef = 4D5E45FD2E0B07ED00FA6E0E /* OTelSemanticsValidation.swift */; };
		4D61D1B72DE0BA750048B5E2 /* EmbraceCore in Frameworks */ = {isa = PBXBuildFile; productRef = 4D61D1B62DE0BA750048B5E2 /* EmbraceCore */; };
		4D61D1BB2DE0BA750048B5E2 /* EmbraceCrashlyticsSupport in Frameworks */ = {isa = PBXBuildFile; productRef = 4D61D1BA2DE0BA750048B5E2 /* EmbraceCrashlyticsSupport */; };
		4D61D1BD2DE0BA750048B5E2 /* EmbraceIO in Frameworks */ = {isa = PBXBuildFile; productRef = 4D61D1BC2DE0BA750048B5E2 /* EmbraceIO */; };
		4D61D1BF2DE0BA750048B5E2 /* EmbraceSemantics in Frameworks */ = {isa = PBXBuildFile; productRef = 4D61D1BE2DE0BA750048B5E2 /* EmbraceSemantics */; };
		4D61D1C12DE0BAC70048B5E2 /* EmbraceCore in Frameworks */ = {isa = PBXBuildFile; productRef = 4D61D1C02DE0BAC70048B5E2 /* EmbraceCore */; };
		4D61D1C52DE0BAC70048B5E2 /* EmbraceCrashlyticsSupport in Frameworks */ = {isa = PBXBuildFile; productRef = 4D61D1C42DE0BAC70048B5E2 /* EmbraceCrashlyticsSupport */; };
		4D61D1C72DE0BAC70048B5E2 /* EmbraceIO in Frameworks */ = {isa = PBXBuildFile; productRef = 4D61D1C62DE0BAC70048B5E2 /* EmbraceIO */; };
		4D61D1C92DE0BAC70048B5E2 /* EmbraceSemantics in Frameworks */ = {isa = PBXBuildFile; productRef = 4D61D1C82DE0BAC70048B5E2 /* EmbraceSemantics */; };
		4D6337A72DE1157200557BDC /* Extensions.swift in Sources */ = {isa = PBXBuildFile; fileRef = 4D63379E2DE1157200557BDC /* Extensions.swift */; };
		4D6337A82DE1157200557BDC /* EmbraceIOTestCrashesUITests.swift in Sources */ = {isa = PBXBuildFile; fileRef = 4D6337A02DE1157200557BDC /* EmbraceIOTestCrashesUITests.swift */; };
		4D6337A92DE1157200557BDC /* EmbraceIOTestLogsUITests.swift in Sources */ = {isa = PBXBuildFile; fileRef = 4D6337A12DE1157200557BDC /* EmbraceIOTestLogsUITests.swift */; };
		4D6337AA2DE1157200557BDC /* EmbraceIOTestStartupUITests.swift in Sources */ = {isa = PBXBuildFile; fileRef = 4D6337A22DE1157200557BDC /* EmbraceIOTestStartupUITests.swift */; };
		4D6337AB2DE1157200557BDC /* EmbraceIOTestNetworkingUITests.swift in Sources */ = {isa = PBXBuildFile; fileRef = 4D6337A32DE1157200557BDC /* EmbraceIOTestNetworkingUITests.swift */; };
		4D6337AC2DE1157200557BDC /* EmbraceIOTestSessionSpanUITests.swift in Sources */ = {isa = PBXBuildFile; fileRef = 4D6337A42DE1157200557BDC /* EmbraceIOTestSessionSpanUITests.swift */; };
		4D6337AD2DE1157200557BDC /* EmbraceIOTestViewUITests.swift in Sources */ = {isa = PBXBuildFile; fileRef = 4D6337A52DE1157200557BDC /* EmbraceIOTestViewUITests.swift */; };
		4D6338282DE1157700557BDC /* TestResult.swift in Sources */ = {isa = PBXBuildFile; fileRef = 4D6337AE2DE1157700557BDC /* TestResult.swift */; };
		4D6338292DE1157700557BDC /* TestType.swift in Sources */ = {isa = PBXBuildFile; fileRef = 4D6337AF2DE1157700557BDC /* TestType.swift */; };
		4D63382A2DE1157700557BDC /* TestViewModelState.swift in Sources */ = {isa = PBXBuildFile; fileRef = 4D6337B02DE1157700557BDC /* TestViewModelState.swift */; };
		4D63382B2DE1157700557BDC /* Data+Extensions.swift in Sources */ = {isa = PBXBuildFile; fileRef = 4D6337B22DE1157700557BDC /* Data+Extensions.swift */; };
		4D63382C2DE1157700557BDC /* Font+Extensions.swift in Sources */ = {isa = PBXBuildFile; fileRef = 4D6337B32DE1157700557BDC /* Font+Extensions.swift */; };
		4D63382D2DE1157700557BDC /* String+Extensions.swift in Sources */ = {isa = PBXBuildFile; fileRef = 4D6337B42DE1157700557BDC /* String+Extensions.swift */; };
		4D63382E2DE1157700557BDC /* View+Extensions.swift in Sources */ = {isa = PBXBuildFile; fileRef = 4D6337B52DE1157700557BDC /* View+Extensions.swift */; };
		4D63382F2DE1157700557BDC /* DataCollector.swift in Sources */ = {isa = PBXBuildFile; fileRef = 4D6337B72DE1157700557BDC /* DataCollector.swift */; };
		4D6338302DE1157700557BDC /* TestLogRecordExporter.swift in Sources */ = {isa = PBXBuildFile; fileRef = 4D6337B82DE1157700557BDC /* TestLogRecordExporter.swift */; };
		4D6338312DE1157700557BDC /* TestSpanExporter.swift in Sources */ = {isa = PBXBuildFile; fileRef = 4D6337B92DE1157700557BDC /* TestSpanExporter.swift */; };
		4D6338322DE1157700557BDC /* PayloadTestProtocol.swift in Sources */ = {isa = PBXBuildFile; fileRef = 4D6337BB2DE1157700557BDC /* PayloadTestProtocol.swift */; };
		4D6338332DE1157700557BDC /* TestScreenDataModel.swift in Sources */ = {isa = PBXBuildFile; fileRef = 4D6337BC2DE1157700557BDC /* TestScreenDataModel.swift */; };
		4D6338342DE1157700557BDC /* UIComponentViewModelType.swift in Sources */ = {isa = PBXBuildFile; fileRef = 4D6337BD2DE1157700557BDC /* UIComponentViewModelType.swift */; };
		4D6338352DE1157700557BDC /* TestScreen.swift in Sources */ = {isa = PBXBuildFile; fileRef = 4D6337BF2DE1157700557BDC /* TestScreen.swift */; };
		4D6338362DE1157700557BDC /* TextFieldRoundedStyle.swift in Sources */ = {isa = PBXBuildFile; fileRef = 4D6337C12DE1157700557BDC /* TextFieldRoundedStyle.swift */; };
		4D6338372DE1157700557BDC /* MockData.swift in Sources */ = {isa = PBXBuildFile; fileRef = 4D6337C32DE1157700557BDC /* MockData.swift */; };
		4D6338382DE1157700557BDC /* MockDataTask.swift in Sources */ = {isa = PBXBuildFile; fileRef = 4D6337C42DE1157700557BDC /* MockDataTask.swift */; };
		4D6338392DE1157700557BDC /* NetworkingSwizzle.swift in Sources */ = {isa = PBXBuildFile; fileRef = 4D6337C62DE1157700557BDC /* NetworkingSwizzle.swift */; };
		4D63383A2DE1157700557BDC /* LogTestUIComponentViewModel.swift in Sources */ = {isa = PBXBuildFile; fileRef = 4D6337C82DE1157700557BDC /* LogTestUIComponentViewModel.swift */; };
		4D63383B2DE1157700557BDC /* SpanTestUIComponentViewModel.swift in Sources */ = {isa = PBXBuildFile; fileRef = 4D6337C92DE1157700557BDC /* SpanTestUIComponentViewModel.swift */; };
		4D63383C2DE1157700557BDC /* TestReport.swift in Sources */ = {isa = PBXBuildFile; fileRef = 4D6337CA2DE1157700557BDC /* TestReport.swift */; };
		4D63383D2DE1157700557BDC /* TestReportItem.swift in Sources */ = {isa = PBXBuildFile; fileRef = 4D6337CB2DE1157700557BDC /* TestReportItem.swift */; };
		4D63383E2DE1157700557BDC /* UIComponentViewModelBase.swift in Sources */ = {isa = PBXBuildFile; fileRef = 4D6337CC2DE1157700557BDC /* UIComponentViewModelBase.swift */; };
		4D63383F2DE1157700557BDC /* EmbraceLargeButton.swift in Sources */ = {isa = PBXBuildFile; fileRef = 4D6337CE2DE1157700557BDC /* EmbraceLargeButton.swift */; };
		4D6338402DE1157700557BDC /* TestComponentViewLabel.swift in Sources */ = {isa = PBXBuildFile; fileRef = 4D6337CF2DE1157700557BDC /* TestComponentViewLabel.swift */; };
		4D6338412DE1157700557BDC /* TestComponentViewResult.swift in Sources */ = {isa = PBXBuildFile; fileRef = 4D6337D02DE1157700557BDC /* TestComponentViewResult.swift */; };
		4D6338422DE1157700557BDC /* TestLogScreenButtonView.swift in Sources */ = {isa = PBXBuildFile; fileRef = 4D6337D12DE1157700557BDC /* TestLogScreenButtonView.swift */; };
		4D6338432DE1157700557BDC /* TestScreenButtonView.swift in Sources */ = {isa = PBXBuildFile; fileRef = 4D6337D22DE1157700557BDC /* TestScreenButtonView.swift */; };
		4D6338442DE1157700557BDC /* TestSpanScreenButtonView.swift in Sources */ = {isa = PBXBuildFile; fileRef = 4D6337D32DE1157700557BDC /* TestSpanScreenButtonView.swift */; };
		4D6338452DE1157700557BDC /* TestReportCardHeaderView.swift in Sources */ = {isa = PBXBuildFile; fileRef = 4D6337D82DE1157700557BDC /* TestReportCardHeaderView.swift */; };
		4D6338462DE1157700557BDC /* TestReportCardItemView.swift in Sources */ = {isa = PBXBuildFile; fileRef = 4D6337D92DE1157700557BDC /* TestReportCardItemView.swift */; };
		4D6338472DE1157700557BDC /* TestReportCardSectionsView.swift in Sources */ = {isa = PBXBuildFile; fileRef = 4D6337DA2DE1157700557BDC /* TestReportCardSectionsView.swift */; };
		4D6338482DE1157700557BDC /* TestReportCard.swift in Sources */ = {isa = PBXBuildFile; fileRef = 4D6337DC2DE1157700557BDC /* TestReportCard.swift */; };
		4D6338492DE1157700557BDC /* TestMenuHeaderView.swift in Sources */ = {isa = PBXBuildFile; fileRef = 4D6337DE2DE1157700557BDC /* TestMenuHeaderView.swift */; };
		4D63384A2DE1157700557BDC /* TestSideMenuListItem.swift in Sources */ = {isa = PBXBuildFile; fileRef = 4D6337DF2DE1157700557BDC /* TestSideMenuListItem.swift */; };
		4D63384B2DE1157700557BDC /* TestMenuOptionDataModel.swift in Sources */ = {isa = PBXBuildFile; fileRef = 4D6337E12DE1157700557BDC /* TestMenuOptionDataModel.swift */; };
		4D63384C2DE1157700557BDC /* TestSideMenuView.swift in Sources */ = {isa = PBXBuildFile; fileRef = 4D6337E22DE1157700557BDC /* TestSideMenuView.swift */; };
		4D63384D2DE1157700557BDC /* CrashesTests.swift in Sources */ = {isa = PBXBuildFile; fileRef = 4D6337E52DE1157700557BDC /* CrashesTests.swift */; };
		4D63384E2DE1157700557BDC /* CrashesTestsDataModel.swift in Sources */ = {isa = PBXBuildFile; fileRef = 4D6337E72DE1157700557BDC /* CrashesTestsDataModel.swift */; };
		4D63384F2DE1157700557BDC /* EmbraceInitScreenViewModel.swift in Sources */ = {isa = PBXBuildFile; fileRef = 4D6337E92DE1157700557BDC /* EmbraceInitScreenViewModel.swift */; };
		4D6338502DE1157700557BDC /* EmbraceInitScreen.swift in Sources */ = {isa = PBXBuildFile; fileRef = 4D6337EB2DE1157700557BDC /* EmbraceInitScreen.swift */; };
		4D6338512DE1157700557BDC /* LoggingErrorMessageTest.swift in Sources */ = {isa = PBXBuildFile; fileRef = 4D6337ED2DE1157700557BDC /* LoggingErrorMessageTest.swift */; };
		4D6338522DE1157700557BDC /* LoggingTestMessageViewModel.swift in Sources */ = {isa = PBXBuildFile; fileRef = 4D6337EF2DE1157700557BDC /* LoggingTestMessageViewModel.swift */; };
		4D6338532DE1157700557BDC /* LoggingTestLogMessageUIComponent.swift in Sources */ = {isa = PBXBuildFile; fileRef = 4D6337F12DE1157700557BDC /* LoggingTestLogMessageUIComponent.swift */; };
		4D6338542DE1157700557BDC /* LoggingTestsAttachmentView.swift in Sources */ = {isa = PBXBuildFile; fileRef = 4D6337F22DE1157700557BDC /* LoggingTestsAttachmentView.swift */; };
		4D6338552DE1157700557BDC /* LoggingTestsLogAttributesView.swift in Sources */ = {isa = PBXBuildFile; fileRef = 4D6337F32DE1157700557BDC /* LoggingTestsLogAttributesView.swift */; };
		4D6338562DE1157700557BDC /* LoggingTestsSeverityTypeView.swift in Sources */ = {isa = PBXBuildFile; fileRef = 4D6337F42DE1157700557BDC /* LoggingTestsSeverityTypeView.swift */; };
		4D6338572DE1157700557BDC /* LoggingTestsStackTraceSelectionView.swift in Sources */ = {isa = PBXBuildFile; fileRef = 4D6337F52DE1157700557BDC /* LoggingTestsStackTraceSelectionView.swift */; };
		4D6338582DE1157700557BDC /* LoggingTestScreenDataModel.swift in Sources */ = {isa = PBXBuildFile; fileRef = 4D6337F72DE1157700557BDC /* LoggingTestScreenDataModel.swift */; };
		4D6338592DE1157700557BDC /* MetadataResourceTest.swift in Sources */ = {isa = PBXBuildFile; fileRef = 4D6337F92DE1157700557BDC /* MetadataResourceTest.swift */; };
		4D63385A2DE1157700557BDC /* StartupPreMainPayloadTest.swift in Sources */ = {isa = PBXBuildFile; fileRef = 4D6337FA2DE1157700557BDC /* StartupPreMainPayloadTest.swift */; };
		4D63385B2DE1157700557BDC /* StartupStartupProcessSpanTest.swift in Sources */ = {isa = PBXBuildFile; fileRef = 4D6337FB2DE1157700557BDC /* StartupStartupProcessSpanTest.swift */; };
		4D63385C2DE1157700557BDC /* StartupTestsDataModel.swift in Sources */ = {isa = PBXBuildFile; fileRef = 4D6337FD2DE1157700557BDC /* StartupTestsDataModel.swift */; };
		4D63385D2DE1157700557BDC /* URLRequestMethod.swift in Sources */ = {isa = PBXBuildFile; fileRef = 4D6337FF2DE1157700557BDC /* URLRequestMethod.swift */; };
		4D63385E2DE1157700557BDC /* NetworkingTest.swift in Sources */ = {isa = PBXBuildFile; fileRef = 4D6338012DE1157700557BDC /* NetworkingTest.swift */; };
		4D63385F2DE1157700557BDC /* NetworkingTestClient.swift in Sources */ = {isa = PBXBuildFile; fileRef = 4D6338032DE1157700557BDC /* NetworkingTestClient.swift */; };
		4D6338602DE1157700557BDC /* NetworkingTestViewModel.swift in Sources */ = {isa = PBXBuildFile; fileRef = 4D6338052DE1157700557BDC /* NetworkingTestViewModel.swift */; };
		4D6338612DE1157700557BDC /* NetworkingTestBodyPropertyView.swift in Sources */ = {isa = PBXBuildFile; fileRef = 4D6338072DE1157700557BDC /* NetworkingTestBodyPropertyView.swift */; };
		4D6338622DE1157700557BDC /* NetworkingTestMethodTypeView.swift in Sources */ = {isa = PBXBuildFile; fileRef = 4D6338082DE1157700557BDC /* NetworkingTestMethodTypeView.swift */; };
		4D6338632DE1157700557BDC /* NetworkingTestUIComponent.swift in Sources */ = {isa = PBXBuildFile; fileRef = 4D6338092DE1157700557BDC /* NetworkingTestUIComponent.swift */; };
		4D6338642DE1157700557BDC /* NetworkingTestsDataModel.swift in Sources */ = {isa = PBXBuildFile; fileRef = 4D63380B2DE1157700557BDC /* NetworkingTestsDataModel.swift */; };
		4D6338652DE1157700557BDC /* FinishedSessionTest.swift in Sources */ = {isa = PBXBuildFile; fileRef = 4D63380D2DE1157700557BDC /* FinishedSessionTest.swift */; };
		4D6338662DE1157700557BDC /* SessionTestFinishedSessionTestViewModel.swift in Sources */ = {isa = PBXBuildFile; fileRef = 4D63380F2DE1157700557BDC /* SessionTestFinishedSessionTestViewModel.swift */; };
		4D6338672DE1157700557BDC /* SessionTestFinishedSessionUIComponent.swift in Sources */ = {isa = PBXBuildFile; fileRef = 4D6338112DE1157700557BDC /* SessionTestFinishedSessionUIComponent.swift */; };
		4D6338682DE1157700557BDC /* SessionTestsDataModel.swift in Sources */ = {isa = PBXBuildFile; fileRef = 4D6338132DE1157700557BDC /* SessionTestsDataModel.swift */; };
		4D6338692DE1157700557BDC /* UploadedSessionPayloadTest.swift in Sources */ = {isa = PBXBuildFile; fileRef = 4D6338152DE1157700557BDC /* UploadedSessionPayloadTest.swift */; };
		4D63386A2DE1157700557BDC /* UploadedSessionPayloadTestViewModel.swift in Sources */ = {isa = PBXBuildFile; fileRef = 4D6338172DE1157700557BDC /* UploadedSessionPayloadTestViewModel.swift */; };
		4D63386B2DE1157700557BDC /* UploadedSessionPayloadUIComponent.swift in Sources */ = {isa = PBXBuildFile; fileRef = 4D6338192DE1157700557BDC /* UploadedSessionPayloadUIComponent.swift */; };
		4D63386C2DE1157700557BDC /* UploadedPayloadsTestsDataModel.swift in Sources */ = {isa = PBXBuildFile; fileRef = 4D63381B2DE1157700557BDC /* UploadedPayloadsTestsDataModel.swift */; };
		4D63386D2DE1157700557BDC /* ViewControllerViewDidAppearTest.swift in Sources */ = {isa = PBXBuildFile; fileRef = 4D63381D2DE1157700557BDC /* ViewControllerViewDidAppearTest.swift */; };
		4D63386E2DE1157700557BDC /* ViewControllerViewDidLoadTest.swift in Sources */ = {isa = PBXBuildFile; fileRef = 4D63381E2DE1157700557BDC /* ViewControllerViewDidLoadTest.swift */; };
		4D63386F2DE1157700557BDC /* ViewControllerTestsDataModel.swift in Sources */ = {isa = PBXBuildFile; fileRef = 4D6338202DE1157700557BDC /* ViewControllerTestsDataModel.swift */; };
		4D6338702DE1157700557BDC /* ContentView.swift in Sources */ = {isa = PBXBuildFile; fileRef = 4D6338242DE1157700557BDC /* ContentView.swift */; };
		4D6338712DE1157700557BDC /* EmbraceIOTestAppApp.swift in Sources */ = {isa = PBXBuildFile; fileRef = 4D6338252DE1157700557BDC /* EmbraceIOTestAppApp.swift */; };
		4D6338722DE1157700557BDC /* Preview Assets.xcassets in Resources */ = {isa = PBXBuildFile; fileRef = 4D6337D62DE1157700557BDC /* Preview Assets.xcassets */; };
		4D6338732DE1157700557BDC /* Assets.xcassets in Resources */ = {isa = PBXBuildFile; fileRef = 4D6338232DE1157700557BDC /* Assets.xcassets */; };
		4D6338752DE1157700557BDC /* URLRequestMethod.swift in Sources */ = {isa = PBXBuildFile; fileRef = 4D6337FF2DE1157700557BDC /* URLRequestMethod.swift */; };
		4D686FB82E1D74BB00483C72 /* SwiftUITestsDataModel.swift in Sources */ = {isa = PBXBuildFile; fileRef = 4D686FB72E1D74A900483C72 /* SwiftUITestsDataModel.swift */; };
		4D7A9E6E2E1C3A0C00C43C81 /* SwiftUICaptureTest.swift in Sources */ = {isa = PBXBuildFile; fileRef = 4D7A9E6D2E1C3A0100C43C81 /* SwiftUICaptureTest.swift */; };
		4D7A9E742E1CA4B100C43C81 /* SwiftUICaptureTestViewModel.swift in Sources */ = {isa = PBXBuildFile; fileRef = 4D7A9E732E1CA4AF00C43C81 /* SwiftUICaptureTestViewModel.swift */; };
		4DAF52012DEA51970025F669 /* EmbraceIOTestPostedPayloads.swift in Sources */ = {isa = PBXBuildFile; fileRef = 4DAF52002DEA51870025F669 /* EmbraceIOTestPostedPayloads.swift */; };
		4DCD37FE2E70C36E004F28A5 /* EmbraceIOTestSwiftUI.swift in Sources */ = {isa = PBXBuildFile; fileRef = 4DCD37FD2E70C365004F28A5 /* EmbraceIOTestSwiftUI.swift */; };
		4DF12A332D302CBE00C93E62 /* EmbraceCore in Frameworks */ = {isa = PBXBuildFile; productRef = 4DF12A322D302CBE00C93E62 /* EmbraceCore */; };
		4DF12A372D302CBE00C93E62 /* EmbraceCrashlyticsSupport in Frameworks */ = {isa = PBXBuildFile; productRef = 4DF12A362D302CBE00C93E62 /* EmbraceCrashlyticsSupport */; };
		4DF12A392D302CBE00C93E62 /* EmbraceIO in Frameworks */ = {isa = PBXBuildFile; productRef = 4DF12A382D302CBE00C93E62 /* EmbraceIO */; };
		4DF12A3B2D302CBE00C93E62 /* EmbraceSemantics in Frameworks */ = {isa = PBXBuildFile; productRef = 4DF12A3A2D302CBE00C93E62 /* EmbraceSemantics */; };
		4DF440832E3C4C3700708D6A /* SwiftUITestViewEmbraceViewCapture.swift in Sources */ = {isa = PBXBuildFile; fileRef = 4DF440822E3C4C2D00708D6A /* SwiftUITestViewEmbraceViewCapture.swift */; };
		4DF440852E3D4FFB00708D6A /* SwiftUIManualCaptureTestUIComponent.swift in Sources */ = {isa = PBXBuildFile; fileRef = 4DF440842E3D4FE500708D6A /* SwiftUIManualCaptureTestUIComponent.swift */; };
		4DF440872E3D500400708D6A /* SwiftUIMacroCaptureTestUIComponent.swift in Sources */ = {isa = PBXBuildFile; fileRef = 4DF440862E3D500300708D6A /* SwiftUIMacroCaptureTestUIComponent.swift */; };
		4DF440892E3D502A00708D6A /* SwiftUIEmbraceTraceViewCaptureTestUIComponent.swift in Sources */ = {isa = PBXBuildFile; fileRef = 4DF440882E3D502100708D6A /* SwiftUIEmbraceTraceViewCaptureTestUIComponent.swift */; };
		4DF4408B2E3D517F00708D6A /* SwiftUITestsLoadedPropertyView.swift in Sources */ = {isa = PBXBuildFile; fileRef = 4DF4408A2E3D517400708D6A /* SwiftUITestsLoadedPropertyView.swift */; };
		4DF4408D2E3D518B00708D6A /* SwiftUITestsAttributesView.swift in Sources */ = {isa = PBXBuildFile; fileRef = 4DF4408C2E3D518400708D6A /* SwiftUITestsAttributesView.swift */; };
		FADD99932E3961590076712E /* EmbraceKSCrashSupport in Frameworks */ = {isa = PBXBuildFile; productRef = FADD99922E3961590076712E /* EmbraceKSCrashSupport */; };
		FADD99952E3961600076712E /* EmbraceKSCrashSupport in Frameworks */ = {isa = PBXBuildFile; productRef = FADD99942E3961600076712E /* EmbraceKSCrashSupport */; };
/* End PBXBuildFile section */

/* Begin PBXContainerItemProxy section */
		4D94F2592D429257008DECEE /* PBXContainerItemProxy */ = {
			isa = PBXContainerItemProxy;
			containerPortal = 4DF12A182D302C3200C93E62 /* Project object */;
			proxyType = 1;
			remoteGlobalIDString = 4DF12A1F2D302C3200C93E62;
			remoteInfo = EmbraceIOTestApp;
		};
/* End PBXContainerItemProxy section */

/* Begin PBXFileReference section */
		4D03F6DF2DF2544600475383 /* UploadedSessionPayloadTestUserInfoView.swift */ = {isa = PBXFileReference; lastKnownFileType = sourcecode.swift; path = UploadedSessionPayloadTestUserInfoView.swift; sourceTree = "<group>"; };
		4D03F6E22DF36F5A00475383 /* UserInfo.swift */ = {isa = PBXFileReference; lastKnownFileType = sourcecode.swift; path = UserInfo.swift; sourceTree = "<group>"; };
		4D1E16AD2E678CEC001295A1 /* PerformanceTestScreenDataModel.swift */ = {isa = PBXFileReference; lastKnownFileType = sourcecode.swift; path = PerformanceTestScreenDataModel.swift; sourceTree = "<group>"; };
		4D1E16B52E67AFE0001295A1 /* PerformanceTestSpansUIComponent.swift */ = {isa = PBXFileReference; lastKnownFileType = sourcecode.swift; path = PerformanceTestSpansUIComponent.swift; sourceTree = "<group>"; };
		4D1E16B72E67AFED001295A1 /* PerformanceTestLogsUIComponent.swift */ = {isa = PBXFileReference; lastKnownFileType = sourcecode.swift; path = PerformanceTestLogsUIComponent.swift; sourceTree = "<group>"; };
		4D1E16B92E67B0C6001295A1 /* PerformanceTestSpansViewModel.swift */ = {isa = PBXFileReference; lastKnownFileType = sourcecode.swift; path = PerformanceTestSpansViewModel.swift; sourceTree = "<group>"; };
		4D1E16BB2E67B21A001295A1 /* PerformanceTestLogsViewModel.swift */ = {isa = PBXFileReference; lastKnownFileType = sourcecode.swift; path = PerformanceTestLogsViewModel.swift; sourceTree = "<group>"; };
		4D1E16BD2E688E39001295A1 /* PerformanceSpanTest.swift */ = {isa = PBXFileReference; lastKnownFileType = sourcecode.swift; path = PerformanceSpanTest.swift; sourceTree = "<group>"; };
		4D1E16BF2E68F01F001295A1 /* PerformanceLogTest.swift */ = {isa = PBXFileReference; lastKnownFileType = sourcecode.swift; path = PerformanceLogTest.swift; sourceTree = "<group>"; };
		4D1E16C12E69082E001295A1 /* PerformanceTestSliderView.swift */ = {isa = PBXFileReference; lastKnownFileType = sourcecode.swift; path = PerformanceTestSliderView.swift; sourceTree = "<group>"; };
		4D3334C32DFB892300C699B4 /* StartupStateSpanTest.swift */ = {isa = PBXFileReference; lastKnownFileType = sourcecode.swift; path = StartupStateSpanTest.swift; sourceTree = "<group>"; };
		4D3334C62DFCC77400C699B4 /* StartupStateTestUIComponent.swift */ = {isa = PBXFileReference; lastKnownFileType = sourcecode.swift; path = StartupStateTestUIComponent.swift; sourceTree = "<group>"; };
		4D3334CC2DFCC8AC00C699B4 /* StartupStateTestViewModel.swift */ = {isa = PBXFileReference; lastKnownFileType = sourcecode.swift; path = StartupStateTestViewModel.swift; sourceTree = "<group>"; };
		4D372B232DF0B11E00B1D1E1 /* UploadedSessionPayloadTestPersonasView.swift */ = {isa = PBXFileReference; lastKnownFileType = sourcecode.swift; path = UploadedSessionPayloadTestPersonasView.swift; sourceTree = "<group>"; };
		4D4CE7F32DFCF1DB00740AC3 /* StartupFirstFrameSpanTest.swift */ = {isa = PBXFileReference; lastKnownFileType = sourcecode.swift; path = StartupFirstFrameSpanTest.swift; sourceTree = "<group>"; };
		4D4CE7F52DFCF28100740AC3 /* StartupSDKSetupSpanTest.swift */ = {isa = PBXFileReference; lastKnownFileType = sourcecode.swift; path = StartupSDKSetupSpanTest.swift; sourceTree = "<group>"; };
		4D4CE7F72DFCF2E500740AC3 /* StartupSDKStartSpanTest.swift */ = {isa = PBXFileReference; lastKnownFileType = sourcecode.swift; path = StartupSDKStartSpanTest.swift; sourceTree = "<group>"; };
		4D4CE7F92DFCF99900740AC3 /* StartupProcessLaunchSpanTest.swift */ = {isa = PBXFileReference; lastKnownFileType = sourcecode.swift; path = StartupProcessLaunchSpanTest.swift; sourceTree = "<group>"; };
		4D4CE7FB2DFCFA4D00740AC3 /* StartupAppStartupInitSpanTest.swift */ = {isa = PBXFileReference; lastKnownFileType = sourcecode.swift; path = StartupAppStartupInitSpanTest.swift; sourceTree = "<group>"; };
		4D4CE7FE2E0319E700740AC3 /* EmbraceInitScreenForceStateView.swift */ = {isa = PBXFileReference; lastKnownFileType = sourcecode.swift; path = EmbraceInitScreenForceStateView.swift; sourceTree = "<group>"; };
		4D4CE8012E031A5400740AC3 /* EmbraceInitForceState.swift */ = {isa = PBXFileReference; lastKnownFileType = sourcecode.swift; path = EmbraceInitForceState.swift; sourceTree = "<group>"; };
		4D54F28D2E3ABC9C00E38132 /* SwiftUICaptureType.swift */ = {isa = PBXFileReference; lastKnownFileType = sourcecode.swift; path = SwiftUICaptureType.swift; sourceTree = "<group>"; };
		4D54F28F2E3ABD5100E38132 /* SwiftUITestViewManualCapture.swift */ = {isa = PBXFileReference; lastKnownFileType = sourcecode.swift; path = SwiftUITestViewManualCapture.swift; sourceTree = "<group>"; };
		4D54F2912E3ABD8200E38132 /* SwiftUITestViewMacroCapture.swift */ = {isa = PBXFileReference; lastKnownFileType = sourcecode.swift; path = SwiftUITestViewMacroCapture.swift; sourceTree = "<group>"; };
		4D5E45FD2E0B07ED00FA6E0E /* OTelSemanticsValidation.swift */ = {isa = PBXFileReference; lastKnownFileType = sourcecode.swift; path = OTelSemanticsValidation.swift; sourceTree = "<group>"; };
		4D63379E2DE1157200557BDC /* Extensions.swift */ = {isa = PBXFileReference; lastKnownFileType = sourcecode.swift; path = Extensions.swift; sourceTree = "<group>"; };
		4D6337A02DE1157200557BDC /* EmbraceIOTestCrashesUITests.swift */ = {isa = PBXFileReference; lastKnownFileType = sourcecode.swift; path = EmbraceIOTestCrashesUITests.swift; sourceTree = "<group>"; };
		4D6337A12DE1157200557BDC /* EmbraceIOTestLogsUITests.swift */ = {isa = PBXFileReference; lastKnownFileType = sourcecode.swift; path = EmbraceIOTestLogsUITests.swift; sourceTree = "<group>"; };
		4D6337A22DE1157200557BDC /* EmbraceIOTestStartupUITests.swift */ = {isa = PBXFileReference; lastKnownFileType = sourcecode.swift; path = EmbraceIOTestStartupUITests.swift; sourceTree = "<group>"; };
		4D6337A32DE1157200557BDC /* EmbraceIOTestNetworkingUITests.swift */ = {isa = PBXFileReference; lastKnownFileType = sourcecode.swift; path = EmbraceIOTestNetworkingUITests.swift; sourceTree = "<group>"; };
		4D6337A42DE1157200557BDC /* EmbraceIOTestSessionSpanUITests.swift */ = {isa = PBXFileReference; lastKnownFileType = sourcecode.swift; path = EmbraceIOTestSessionSpanUITests.swift; sourceTree = "<group>"; };
		4D6337A52DE1157200557BDC /* EmbraceIOTestViewUITests.swift */ = {isa = PBXFileReference; lastKnownFileType = sourcecode.swift; path = EmbraceIOTestViewUITests.swift; sourceTree = "<group>"; };
		4D6337AE2DE1157700557BDC /* TestResult.swift */ = {isa = PBXFileReference; lastKnownFileType = sourcecode.swift; path = TestResult.swift; sourceTree = "<group>"; };
		4D6337AF2DE1157700557BDC /* TestType.swift */ = {isa = PBXFileReference; lastKnownFileType = sourcecode.swift; path = TestType.swift; sourceTree = "<group>"; };
		4D6337B02DE1157700557BDC /* TestViewModelState.swift */ = {isa = PBXFileReference; lastKnownFileType = sourcecode.swift; path = TestViewModelState.swift; sourceTree = "<group>"; };
		4D6337B22DE1157700557BDC /* Data+Extensions.swift */ = {isa = PBXFileReference; lastKnownFileType = sourcecode.swift; path = "Data+Extensions.swift"; sourceTree = "<group>"; };
		4D6337B32DE1157700557BDC /* Font+Extensions.swift */ = {isa = PBXFileReference; lastKnownFileType = sourcecode.swift; path = "Font+Extensions.swift"; sourceTree = "<group>"; };
		4D6337B42DE1157700557BDC /* String+Extensions.swift */ = {isa = PBXFileReference; lastKnownFileType = sourcecode.swift; path = "String+Extensions.swift"; sourceTree = "<group>"; };
		4D6337B52DE1157700557BDC /* View+Extensions.swift */ = {isa = PBXFileReference; lastKnownFileType = sourcecode.swift; path = "View+Extensions.swift"; sourceTree = "<group>"; };
		4D6337B72DE1157700557BDC /* DataCollector.swift */ = {isa = PBXFileReference; lastKnownFileType = sourcecode.swift; path = DataCollector.swift; sourceTree = "<group>"; };
		4D6337B82DE1157700557BDC /* TestLogRecordExporter.swift */ = {isa = PBXFileReference; lastKnownFileType = sourcecode.swift; path = TestLogRecordExporter.swift; sourceTree = "<group>"; };
		4D6337B92DE1157700557BDC /* TestSpanExporter.swift */ = {isa = PBXFileReference; lastKnownFileType = sourcecode.swift; path = TestSpanExporter.swift; sourceTree = "<group>"; };
		4D6337BB2DE1157700557BDC /* PayloadTestProtocol.swift */ = {isa = PBXFileReference; lastKnownFileType = sourcecode.swift; path = PayloadTestProtocol.swift; sourceTree = "<group>"; };
		4D6337BC2DE1157700557BDC /* TestScreenDataModel.swift */ = {isa = PBXFileReference; lastKnownFileType = sourcecode.swift; path = TestScreenDataModel.swift; sourceTree = "<group>"; };
		4D6337BD2DE1157700557BDC /* UIComponentViewModelType.swift */ = {isa = PBXFileReference; lastKnownFileType = sourcecode.swift; path = UIComponentViewModelType.swift; sourceTree = "<group>"; };
		4D6337BF2DE1157700557BDC /* TestScreen.swift */ = {isa = PBXFileReference; lastKnownFileType = sourcecode.swift; path = TestScreen.swift; sourceTree = "<group>"; };
		4D6337C12DE1157700557BDC /* TextFieldRoundedStyle.swift */ = {isa = PBXFileReference; lastKnownFileType = sourcecode.swift; path = TextFieldRoundedStyle.swift; sourceTree = "<group>"; };
		4D6337C32DE1157700557BDC /* MockData.swift */ = {isa = PBXFileReference; lastKnownFileType = sourcecode.swift; path = MockData.swift; sourceTree = "<group>"; };
		4D6337C42DE1157700557BDC /* MockDataTask.swift */ = {isa = PBXFileReference; lastKnownFileType = sourcecode.swift; path = MockDataTask.swift; sourceTree = "<group>"; };
		4D6337C62DE1157700557BDC /* NetworkingSwizzle.swift */ = {isa = PBXFileReference; lastKnownFileType = sourcecode.swift; path = NetworkingSwizzle.swift; sourceTree = "<group>"; };
		4D6337C82DE1157700557BDC /* LogTestUIComponentViewModel.swift */ = {isa = PBXFileReference; lastKnownFileType = sourcecode.swift; path = LogTestUIComponentViewModel.swift; sourceTree = "<group>"; };
		4D6337C92DE1157700557BDC /* SpanTestUIComponentViewModel.swift */ = {isa = PBXFileReference; lastKnownFileType = sourcecode.swift; path = SpanTestUIComponentViewModel.swift; sourceTree = "<group>"; };
		4D6337CA2DE1157700557BDC /* TestReport.swift */ = {isa = PBXFileReference; lastKnownFileType = sourcecode.swift; path = TestReport.swift; sourceTree = "<group>"; };
		4D6337CB2DE1157700557BDC /* TestReportItem.swift */ = {isa = PBXFileReference; lastKnownFileType = sourcecode.swift; path = TestReportItem.swift; sourceTree = "<group>"; };
		4D6337CC2DE1157700557BDC /* UIComponentViewModelBase.swift */ = {isa = PBXFileReference; lastKnownFileType = sourcecode.swift; path = UIComponentViewModelBase.swift; sourceTree = "<group>"; };
		4D6337CE2DE1157700557BDC /* EmbraceLargeButton.swift */ = {isa = PBXFileReference; lastKnownFileType = sourcecode.swift; path = EmbraceLargeButton.swift; sourceTree = "<group>"; };
		4D6337CF2DE1157700557BDC /* TestComponentViewLabel.swift */ = {isa = PBXFileReference; lastKnownFileType = sourcecode.swift; path = TestComponentViewLabel.swift; sourceTree = "<group>"; };
		4D6337D02DE1157700557BDC /* TestComponentViewResult.swift */ = {isa = PBXFileReference; lastKnownFileType = sourcecode.swift; path = TestComponentViewResult.swift; sourceTree = "<group>"; };
		4D6337D12DE1157700557BDC /* TestLogScreenButtonView.swift */ = {isa = PBXFileReference; lastKnownFileType = sourcecode.swift; path = TestLogScreenButtonView.swift; sourceTree = "<group>"; };
		4D6337D22DE1157700557BDC /* TestScreenButtonView.swift */ = {isa = PBXFileReference; lastKnownFileType = sourcecode.swift; path = TestScreenButtonView.swift; sourceTree = "<group>"; };
		4D6337D32DE1157700557BDC /* TestSpanScreenButtonView.swift */ = {isa = PBXFileReference; lastKnownFileType = sourcecode.swift; path = TestSpanScreenButtonView.swift; sourceTree = "<group>"; };
		4D6337D62DE1157700557BDC /* Preview Assets.xcassets */ = {isa = PBXFileReference; lastKnownFileType = folder.assetcatalog; path = "Preview Assets.xcassets"; sourceTree = "<group>"; };
		4D6337D82DE1157700557BDC /* TestReportCardHeaderView.swift */ = {isa = PBXFileReference; lastKnownFileType = sourcecode.swift; path = TestReportCardHeaderView.swift; sourceTree = "<group>"; };
		4D6337D92DE1157700557BDC /* TestReportCardItemView.swift */ = {isa = PBXFileReference; lastKnownFileType = sourcecode.swift; path = TestReportCardItemView.swift; sourceTree = "<group>"; };
		4D6337DA2DE1157700557BDC /* TestReportCardSectionsView.swift */ = {isa = PBXFileReference; lastKnownFileType = sourcecode.swift; path = TestReportCardSectionsView.swift; sourceTree = "<group>"; };
		4D6337DC2DE1157700557BDC /* TestReportCard.swift */ = {isa = PBXFileReference; lastKnownFileType = sourcecode.swift; path = TestReportCard.swift; sourceTree = "<group>"; };
		4D6337DE2DE1157700557BDC /* TestMenuHeaderView.swift */ = {isa = PBXFileReference; lastKnownFileType = sourcecode.swift; path = TestMenuHeaderView.swift; sourceTree = "<group>"; };
		4D6337DF2DE1157700557BDC /* TestSideMenuListItem.swift */ = {isa = PBXFileReference; lastKnownFileType = sourcecode.swift; path = TestSideMenuListItem.swift; sourceTree = "<group>"; };
		4D6337E12DE1157700557BDC /* TestMenuOptionDataModel.swift */ = {isa = PBXFileReference; lastKnownFileType = sourcecode.swift; path = TestMenuOptionDataModel.swift; sourceTree = "<group>"; };
		4D6337E22DE1157700557BDC /* TestSideMenuView.swift */ = {isa = PBXFileReference; lastKnownFileType = sourcecode.swift; path = TestSideMenuView.swift; sourceTree = "<group>"; };
		4D6337E52DE1157700557BDC /* CrashesTests.swift */ = {isa = PBXFileReference; lastKnownFileType = sourcecode.swift; path = CrashesTests.swift; sourceTree = "<group>"; };
		4D6337E72DE1157700557BDC /* CrashesTestsDataModel.swift */ = {isa = PBXFileReference; lastKnownFileType = sourcecode.swift; path = CrashesTestsDataModel.swift; sourceTree = "<group>"; };
		4D6337E92DE1157700557BDC /* EmbraceInitScreenViewModel.swift */ = {isa = PBXFileReference; lastKnownFileType = sourcecode.swift; path = EmbraceInitScreenViewModel.swift; sourceTree = "<group>"; };
		4D6337EB2DE1157700557BDC /* EmbraceInitScreen.swift */ = {isa = PBXFileReference; lastKnownFileType = sourcecode.swift; path = EmbraceInitScreen.swift; sourceTree = "<group>"; };
		4D6337ED2DE1157700557BDC /* LoggingErrorMessageTest.swift */ = {isa = PBXFileReference; lastKnownFileType = sourcecode.swift; path = LoggingErrorMessageTest.swift; sourceTree = "<group>"; };
		4D6337EF2DE1157700557BDC /* LoggingTestMessageViewModel.swift */ = {isa = PBXFileReference; lastKnownFileType = sourcecode.swift; path = LoggingTestMessageViewModel.swift; sourceTree = "<group>"; };
		4D6337F12DE1157700557BDC /* LoggingTestLogMessageUIComponent.swift */ = {isa = PBXFileReference; lastKnownFileType = sourcecode.swift; path = LoggingTestLogMessageUIComponent.swift; sourceTree = "<group>"; };
		4D6337F22DE1157700557BDC /* LoggingTestsAttachmentView.swift */ = {isa = PBXFileReference; lastKnownFileType = sourcecode.swift; path = LoggingTestsAttachmentView.swift; sourceTree = "<group>"; };
		4D6337F32DE1157700557BDC /* LoggingTestsLogAttributesView.swift */ = {isa = PBXFileReference; lastKnownFileType = sourcecode.swift; path = LoggingTestsLogAttributesView.swift; sourceTree = "<group>"; };
		4D6337F42DE1157700557BDC /* LoggingTestsSeverityTypeView.swift */ = {isa = PBXFileReference; lastKnownFileType = sourcecode.swift; path = LoggingTestsSeverityTypeView.swift; sourceTree = "<group>"; };
		4D6337F52DE1157700557BDC /* LoggingTestsStackTraceSelectionView.swift */ = {isa = PBXFileReference; lastKnownFileType = sourcecode.swift; path = LoggingTestsStackTraceSelectionView.swift; sourceTree = "<group>"; };
		4D6337F72DE1157700557BDC /* LoggingTestScreenDataModel.swift */ = {isa = PBXFileReference; lastKnownFileType = sourcecode.swift; path = LoggingTestScreenDataModel.swift; sourceTree = "<group>"; };
		4D6337F92DE1157700557BDC /* MetadataResourceTest.swift */ = {isa = PBXFileReference; lastKnownFileType = sourcecode.swift; path = MetadataResourceTest.swift; sourceTree = "<group>"; };
		4D6337FA2DE1157700557BDC /* StartupPreMainPayloadTest.swift */ = {isa = PBXFileReference; lastKnownFileType = sourcecode.swift; path = StartupPreMainPayloadTest.swift; sourceTree = "<group>"; };
		4D6337FB2DE1157700557BDC /* StartupStartupProcessSpanTest.swift */ = {isa = PBXFileReference; lastKnownFileType = sourcecode.swift; path = StartupStartupProcessSpanTest.swift; sourceTree = "<group>"; };
		4D6337FD2DE1157700557BDC /* StartupTestsDataModel.swift */ = {isa = PBXFileReference; lastKnownFileType = sourcecode.swift; path = StartupTestsDataModel.swift; sourceTree = "<group>"; };
		4D6337FF2DE1157700557BDC /* URLRequestMethod.swift */ = {isa = PBXFileReference; lastKnownFileType = sourcecode.swift; path = URLRequestMethod.swift; sourceTree = "<group>"; };
		4D6338012DE1157700557BDC /* NetworkingTest.swift */ = {isa = PBXFileReference; lastKnownFileType = sourcecode.swift; path = NetworkingTest.swift; sourceTree = "<group>"; };
		4D6338032DE1157700557BDC /* NetworkingTestClient.swift */ = {isa = PBXFileReference; lastKnownFileType = sourcecode.swift; path = NetworkingTestClient.swift; sourceTree = "<group>"; };
		4D6338052DE1157700557BDC /* NetworkingTestViewModel.swift */ = {isa = PBXFileReference; lastKnownFileType = sourcecode.swift; path = NetworkingTestViewModel.swift; sourceTree = "<group>"; };
		4D6338072DE1157700557BDC /* NetworkingTestBodyPropertyView.swift */ = {isa = PBXFileReference; lastKnownFileType = sourcecode.swift; path = NetworkingTestBodyPropertyView.swift; sourceTree = "<group>"; };
		4D6338082DE1157700557BDC /* NetworkingTestMethodTypeView.swift */ = {isa = PBXFileReference; lastKnownFileType = sourcecode.swift; path = NetworkingTestMethodTypeView.swift; sourceTree = "<group>"; };
		4D6338092DE1157700557BDC /* NetworkingTestUIComponent.swift */ = {isa = PBXFileReference; lastKnownFileType = sourcecode.swift; path = NetworkingTestUIComponent.swift; sourceTree = "<group>"; };
		4D63380B2DE1157700557BDC /* NetworkingTestsDataModel.swift */ = {isa = PBXFileReference; lastKnownFileType = sourcecode.swift; path = NetworkingTestsDataModel.swift; sourceTree = "<group>"; };
		4D63380D2DE1157700557BDC /* FinishedSessionTest.swift */ = {isa = PBXFileReference; lastKnownFileType = sourcecode.swift; path = FinishedSessionTest.swift; sourceTree = "<group>"; };
		4D63380F2DE1157700557BDC /* SessionTestFinishedSessionTestViewModel.swift */ = {isa = PBXFileReference; lastKnownFileType = sourcecode.swift; path = SessionTestFinishedSessionTestViewModel.swift; sourceTree = "<group>"; };
		4D6338112DE1157700557BDC /* SessionTestFinishedSessionUIComponent.swift */ = {isa = PBXFileReference; lastKnownFileType = sourcecode.swift; path = SessionTestFinishedSessionUIComponent.swift; sourceTree = "<group>"; };
		4D6338132DE1157700557BDC /* SessionTestsDataModel.swift */ = {isa = PBXFileReference; lastKnownFileType = sourcecode.swift; path = SessionTestsDataModel.swift; sourceTree = "<group>"; };
		4D6338152DE1157700557BDC /* UploadedSessionPayloadTest.swift */ = {isa = PBXFileReference; lastKnownFileType = sourcecode.swift; path = UploadedSessionPayloadTest.swift; sourceTree = "<group>"; };
		4D6338172DE1157700557BDC /* UploadedSessionPayloadTestViewModel.swift */ = {isa = PBXFileReference; lastKnownFileType = sourcecode.swift; path = UploadedSessionPayloadTestViewModel.swift; sourceTree = "<group>"; };
		4D6338192DE1157700557BDC /* UploadedSessionPayloadUIComponent.swift */ = {isa = PBXFileReference; lastKnownFileType = sourcecode.swift; path = UploadedSessionPayloadUIComponent.swift; sourceTree = "<group>"; };
		4D63381B2DE1157700557BDC /* UploadedPayloadsTestsDataModel.swift */ = {isa = PBXFileReference; lastKnownFileType = sourcecode.swift; path = UploadedPayloadsTestsDataModel.swift; sourceTree = "<group>"; };
		4D63381D2DE1157700557BDC /* ViewControllerViewDidAppearTest.swift */ = {isa = PBXFileReference; lastKnownFileType = sourcecode.swift; path = ViewControllerViewDidAppearTest.swift; sourceTree = "<group>"; };
		4D63381E2DE1157700557BDC /* ViewControllerViewDidLoadTest.swift */ = {isa = PBXFileReference; lastKnownFileType = sourcecode.swift; path = ViewControllerViewDidLoadTest.swift; sourceTree = "<group>"; };
		4D6338202DE1157700557BDC /* ViewControllerTestsDataModel.swift */ = {isa = PBXFileReference; lastKnownFileType = sourcecode.swift; path = ViewControllerTestsDataModel.swift; sourceTree = "<group>"; };
		4D6338232DE1157700557BDC /* Assets.xcassets */ = {isa = PBXFileReference; lastKnownFileType = folder.assetcatalog; path = Assets.xcassets; sourceTree = "<group>"; };
		4D6338242DE1157700557BDC /* ContentView.swift */ = {isa = PBXFileReference; lastKnownFileType = sourcecode.swift; path = ContentView.swift; sourceTree = "<group>"; };
		4D6338252DE1157700557BDC /* EmbraceIOTestAppApp.swift */ = {isa = PBXFileReference; lastKnownFileType = sourcecode.swift; path = EmbraceIOTestAppApp.swift; sourceTree = "<group>"; };
		4D6338262DE1157700557BDC /* Info.plist */ = {isa = PBXFileReference; lastKnownFileType = text.plist.xml; path = Info.plist; sourceTree = "<group>"; };
		4D686FB72E1D74A900483C72 /* SwiftUITestsDataModel.swift */ = {isa = PBXFileReference; lastKnownFileType = sourcecode.swift; path = SwiftUITestsDataModel.swift; sourceTree = "<group>"; };
		4D7A9E6D2E1C3A0100C43C81 /* SwiftUICaptureTest.swift */ = {isa = PBXFileReference; lastKnownFileType = sourcecode.swift; path = SwiftUICaptureTest.swift; sourceTree = "<group>"; };
		4D7A9E732E1CA4AF00C43C81 /* SwiftUICaptureTestViewModel.swift */ = {isa = PBXFileReference; lastKnownFileType = sourcecode.swift; path = SwiftUICaptureTestViewModel.swift; sourceTree = "<group>"; };
		4D94F2532D429257008DECEE /* EmbraceIOTestAppUITests.xctest */ = {isa = PBXFileReference; explicitFileType = wrapper.cfbundle; includeInIndex = 0; path = EmbraceIOTestAppUITests.xctest; sourceTree = BUILT_PRODUCTS_DIR; };
		4DAF52002DEA51870025F669 /* EmbraceIOTestPostedPayloads.swift */ = {isa = PBXFileReference; lastKnownFileType = sourcecode.swift; path = EmbraceIOTestPostedPayloads.swift; sourceTree = "<group>"; };
		4DCD37FD2E70C365004F28A5 /* EmbraceIOTestSwiftUI.swift */ = {isa = PBXFileReference; lastKnownFileType = sourcecode.swift; path = EmbraceIOTestSwiftUI.swift; sourceTree = "<group>"; };
		4DF12A202D302C3200C93E62 /* EmbraceIOTestApp.app */ = {isa = PBXFileReference; explicitFileType = wrapper.application; includeInIndex = 0; path = EmbraceIOTestApp.app; sourceTree = BUILT_PRODUCTS_DIR; };
		4DF440822E3C4C2D00708D6A /* SwiftUITestViewEmbraceViewCapture.swift */ = {isa = PBXFileReference; lastKnownFileType = sourcecode.swift; path = SwiftUITestViewEmbraceViewCapture.swift; sourceTree = "<group>"; };
		4DF440842E3D4FE500708D6A /* SwiftUIManualCaptureTestUIComponent.swift */ = {isa = PBXFileReference; lastKnownFileType = sourcecode.swift; path = SwiftUIManualCaptureTestUIComponent.swift; sourceTree = "<group>"; };
		4DF440862E3D500300708D6A /* SwiftUIMacroCaptureTestUIComponent.swift */ = {isa = PBXFileReference; lastKnownFileType = sourcecode.swift; path = SwiftUIMacroCaptureTestUIComponent.swift; sourceTree = "<group>"; };
		4DF440882E3D502100708D6A /* SwiftUIEmbraceTraceViewCaptureTestUIComponent.swift */ = {isa = PBXFileReference; lastKnownFileType = sourcecode.swift; path = SwiftUIEmbraceTraceViewCaptureTestUIComponent.swift; sourceTree = "<group>"; };
		4DF4408A2E3D517400708D6A /* SwiftUITestsLoadedPropertyView.swift */ = {isa = PBXFileReference; lastKnownFileType = sourcecode.swift; path = SwiftUITestsLoadedPropertyView.swift; sourceTree = "<group>"; };
		4DF4408C2E3D518400708D6A /* SwiftUITestsAttributesView.swift */ = {isa = PBXFileReference; lastKnownFileType = sourcecode.swift; path = SwiftUITestsAttributesView.swift; sourceTree = "<group>"; };
/* End PBXFileReference section */

/* Begin PBXFrameworksBuildPhase section */
		4D94F2502D429257008DECEE /* Frameworks */ = {
			isa = PBXFrameworksBuildPhase;
			buildActionMask = 2147483647;
			files = (
				4D61D1C72DE0BAC70048B5E2 /* EmbraceIO in Frameworks */,
				FADD99932E3961590076712E /* EmbraceKSCrashSupport in Frameworks */,
				4D61D1C12DE0BAC70048B5E2 /* EmbraceCore in Frameworks */,
				4D61D1C52DE0BAC70048B5E2 /* EmbraceCrashlyticsSupport in Frameworks */,
				4D61D1C92DE0BAC70048B5E2 /* EmbraceSemantics in Frameworks */,
			);
			runOnlyForDeploymentPostprocessing = 0;
		};
		4DF12A1D2D302C3200C93E62 /* Frameworks */ = {
			isa = PBXFrameworksBuildPhase;
			buildActionMask = 2147483647;
			files = (
				4D54F2812E3AB89D00E38132 /* EmbraceCore in Frameworks */,
				4DF12A392D302CBE00C93E62 /* EmbraceIO in Frameworks */,
				4DF12A332D302CBE00C93E62 /* EmbraceCore in Frameworks */,
				4D54F2872E3AB89D00E38132 /* EmbraceIO in Frameworks */,
				4D54F28B2E3AB89D00E38132 /* EmbraceSemantics in Frameworks */,
				4D54F2892E3AB89D00E38132 /* EmbraceMacros in Frameworks */,
				4D61D1BD2DE0BA750048B5E2 /* EmbraceIO in Frameworks */,
				4D61D1BF2DE0BA750048B5E2 /* EmbraceSemantics in Frameworks */,
				4DF12A372D302CBE00C93E62 /* EmbraceCrashlyticsSupport in Frameworks */,
				4D54F2852E3AB89D00E38132 /* EmbraceCrashlyticsSupport in Frameworks */,
				4DF12A3B2D302CBE00C93E62 /* EmbraceSemantics in Frameworks */,
				FADD99952E3961600076712E /* EmbraceKSCrashSupport in Frameworks */,
				4D61D1B72DE0BA750048B5E2 /* EmbraceCore in Frameworks */,
				4D61D1BB2DE0BA750048B5E2 /* EmbraceCrashlyticsSupport in Frameworks */,
			);
			runOnlyForDeploymentPostprocessing = 0;
		};
/* End PBXFrameworksBuildPhase section */

/* Begin PBXGroup section */
		4D03F6E12DF36F4C00475383 /* Supporting */ = {
			isa = PBXGroup;
			children = (
				4D03F6E22DF36F5A00475383 /* UserInfo.swift */,
			);
			path = Supporting;
			sourceTree = "<group>";
		};
		4D1E16AC2E678CDE001295A1 /* Performance */ = {
			isa = PBXGroup;
			children = (
				4D1E16B42E67AFC3001295A1 /* Views */,
				4D1E16B32E67AFBA001295A1 /* ViewModels */,
				4D1E16B12E67AF64001295A1 /* Tests */,
				4D1E16AD2E678CEC001295A1 /* PerformanceTestScreenDataModel.swift */,
			);
			path = Performance;
			sourceTree = "<group>";
		};
		4D1E16B12E67AF64001295A1 /* Tests */ = {
			isa = PBXGroup;
			children = (
				4D1E16BF2E68F01F001295A1 /* PerformanceLogTest.swift */,
				4D1E16BD2E688E39001295A1 /* PerformanceSpanTest.swift */,
			);
			path = Tests;
			sourceTree = "<group>";
		};
		4D1E16B32E67AFBA001295A1 /* ViewModels */ = {
			isa = PBXGroup;
			children = (
				4D1E16BB2E67B21A001295A1 /* PerformanceTestLogsViewModel.swift */,
				4D1E16B92E67B0C6001295A1 /* PerformanceTestSpansViewModel.swift */,
			);
			path = ViewModels;
			sourceTree = "<group>";
		};
		4D1E16B42E67AFC3001295A1 /* Views */ = {
			isa = PBXGroup;
			children = (
				4D1E16C12E69082E001295A1 /* PerformanceTestSliderView.swift */,
				4D1E16B72E67AFED001295A1 /* PerformanceTestLogsUIComponent.swift */,
				4D1E16B52E67AFE0001295A1 /* PerformanceTestSpansUIComponent.swift */,
			);
			path = Views;
			sourceTree = "<group>";
		};
		4D3334C52DFCC72900C699B4 /* Views */ = {
			isa = PBXGroup;
			children = (
				4D3334C62DFCC77400C699B4 /* StartupStateTestUIComponent.swift */,
			);
			path = Views;
			sourceTree = "<group>";
		};
		4D3334CA2DFCC89300C699B4 /* ViewModels */ = {
			isa = PBXGroup;
			children = (
				4D3334CC2DFCC8AC00C699B4 /* StartupStateTestViewModel.swift */,
			);
			path = ViewModels;
			sourceTree = "<group>";
		};
		4D4CE7FD2E0319DE00740AC3 /* Views */ = {
			isa = PBXGroup;
			children = (
				4D4CE7FE2E0319E700740AC3 /* EmbraceInitScreenForceStateView.swift */,
			);
			path = Views;
			sourceTree = "<group>";
		};
		4D4CE8002E031A4A00740AC3 /* Supporting */ = {
			isa = PBXGroup;
			children = (
				4D4CE8012E031A5400740AC3 /* EmbraceInitForceState.swift */,
			);
			path = Supporting;
			sourceTree = "<group>";
		};
		4D54F28C2E3ABC9300E38132 /* Supporting */ = {
			isa = PBXGroup;
			children = (
				4DF440822E3C4C2D00708D6A /* SwiftUITestViewEmbraceViewCapture.swift */,
				4D54F2912E3ABD8200E38132 /* SwiftUITestViewMacroCapture.swift */,
				4D54F28F2E3ABD5100E38132 /* SwiftUITestViewManualCapture.swift */,
				4D54F28D2E3ABC9C00E38132 /* SwiftUICaptureType.swift */,
			);
			path = Supporting;
			sourceTree = "<group>";
		};
		4D5E45FC2E0B07D900FA6E0E /* OTel Semantics */ = {
			isa = PBXGroup;
			children = (
				4D5E45FD2E0B07ED00FA6E0E /* OTelSemanticsValidation.swift */,
			);
			path = "OTel Semantics";
			sourceTree = "<group>";
		};
		4D63379F2DE1157200557BDC /* Common */ = {
			isa = PBXGroup;
			children = (
				4D63379E2DE1157200557BDC /* Extensions.swift */,
			);
			path = Common;
			sourceTree = "<group>";
		};
		4D6337A62DE1157200557BDC /* EmbraceIOTestAppUITests */ = {
			isa = PBXGroup;
			children = (
				4DCD37FD2E70C365004F28A5 /* EmbraceIOTestSwiftUI.swift */,
				4DAF52002DEA51870025F669 /* EmbraceIOTestPostedPayloads.swift */,
				4D63379F2DE1157200557BDC /* Common */,
				4D6337A02DE1157200557BDC /* EmbraceIOTestCrashesUITests.swift */,
				4D6337A12DE1157200557BDC /* EmbraceIOTestLogsUITests.swift */,
				4D6337A22DE1157200557BDC /* EmbraceIOTestStartupUITests.swift */,
				4D6337A32DE1157200557BDC /* EmbraceIOTestNetworkingUITests.swift */,
				4D6337A42DE1157200557BDC /* EmbraceIOTestSessionSpanUITests.swift */,
				4D6337A52DE1157200557BDC /* EmbraceIOTestViewUITests.swift */,
			);
			path = EmbraceIOTestAppUITests;
			sourceTree = "<group>";
		};
		4D6337B12DE1157700557BDC /* Enums */ = {
			isa = PBXGroup;
			children = (
				4D6337AE2DE1157700557BDC /* TestResult.swift */,
				4D6337AF2DE1157700557BDC /* TestType.swift */,
				4D6337B02DE1157700557BDC /* TestViewModelState.swift */,
			);
			path = Enums;
			sourceTree = "<group>";
		};
		4D6337B62DE1157700557BDC /* Extensions */ = {
			isa = PBXGroup;
			children = (
				4D6337B22DE1157700557BDC /* Data+Extensions.swift */,
				4D6337B32DE1157700557BDC /* Font+Extensions.swift */,
				4D6337B42DE1157700557BDC /* String+Extensions.swift */,
				4D6337B52DE1157700557BDC /* View+Extensions.swift */,
			);
			path = Extensions;
			sourceTree = "<group>";
		};
		4D6337BA2DE1157700557BDC /* PayloadExporters */ = {
			isa = PBXGroup;
			children = (
				4D6337B72DE1157700557BDC /* DataCollector.swift */,
				4D6337B82DE1157700557BDC /* TestLogRecordExporter.swift */,
				4D6337B92DE1157700557BDC /* TestSpanExporter.swift */,
			);
			path = PayloadExporters;
			sourceTree = "<group>";
		};
		4D6337BE2DE1157700557BDC /* Protocols */ = {
			isa = PBXGroup;
			children = (
				4D6337BB2DE1157700557BDC /* PayloadTestProtocol.swift */,
				4D6337BC2DE1157700557BDC /* TestScreenDataModel.swift */,
				4D6337BD2DE1157700557BDC /* UIComponentViewModelType.swift */,
			);
			path = Protocols;
			sourceTree = "<group>";
		};
		4D6337C02DE1157700557BDC /* Screens */ = {
			isa = PBXGroup;
			children = (
				4D6337BF2DE1157700557BDC /* TestScreen.swift */,
			);
			path = Screens;
			sourceTree = "<group>";
		};
		4D6337C22DE1157700557BDC /* Style */ = {
			isa = PBXGroup;
			children = (
				4D6337C12DE1157700557BDC /* TextFieldRoundedStyle.swift */,
			);
			path = Style;
			sourceTree = "<group>";
		};
		4D6337C52DE1157700557BDC /* Mocks */ = {
			isa = PBXGroup;
			children = (
				4D6337C32DE1157700557BDC /* MockData.swift */,
				4D6337C42DE1157700557BDC /* MockDataTask.swift */,
			);
			path = Mocks;
			sourceTree = "<group>";
		};
		4D6337C72DE1157700557BDC /* Swizzles */ = {
			isa = PBXGroup;
			children = (
				4D6337C52DE1157700557BDC /* Mocks */,
				4D6337C62DE1157700557BDC /* NetworkingSwizzle.swift */,
			);
			path = Swizzles;
			sourceTree = "<group>";
		};
		4D6337CD2DE1157700557BDC /* ViewModels */ = {
			isa = PBXGroup;
			children = (
				4D6337C82DE1157700557BDC /* LogTestUIComponentViewModel.swift */,
				4D6337C92DE1157700557BDC /* SpanTestUIComponentViewModel.swift */,
				4D6337CA2DE1157700557BDC /* TestReport.swift */,
				4D6337CB2DE1157700557BDC /* TestReportItem.swift */,
				4D6337CC2DE1157700557BDC /* UIComponentViewModelBase.swift */,
			);
			path = ViewModels;
			sourceTree = "<group>";
		};
		4D6337D42DE1157700557BDC /* Views */ = {
			isa = PBXGroup;
			children = (
				4D6337CE2DE1157700557BDC /* EmbraceLargeButton.swift */,
				4D6337CF2DE1157700557BDC /* TestComponentViewLabel.swift */,
				4D6337D02DE1157700557BDC /* TestComponentViewResult.swift */,
				4D6337D12DE1157700557BDC /* TestLogScreenButtonView.swift */,
				4D6337D22DE1157700557BDC /* TestScreenButtonView.swift */,
				4D6337D32DE1157700557BDC /* TestSpanScreenButtonView.swift */,
			);
			path = Views;
			sourceTree = "<group>";
		};
		4D6337D52DE1157700557BDC /* Common */ = {
			isa = PBXGroup;
			children = (
				4D6337B12DE1157700557BDC /* Enums */,
				4D6337B62DE1157700557BDC /* Extensions */,
				4D6337BA2DE1157700557BDC /* PayloadExporters */,
				4D6337BE2DE1157700557BDC /* Protocols */,
				4D6337C02DE1157700557BDC /* Screens */,
				4D6337C22DE1157700557BDC /* Style */,
				4D6337C72DE1157700557BDC /* Swizzles */,
				4D6337CD2DE1157700557BDC /* ViewModels */,
				4D6337D42DE1157700557BDC /* Views */,
			);
			path = Common;
			sourceTree = "<group>";
		};
		4D6337D72DE1157700557BDC /* Preview Content */ = {
			isa = PBXGroup;
			children = (
				4D6337D62DE1157700557BDC /* Preview Assets.xcassets */,
			);
			path = "Preview Content";
			sourceTree = "<group>";
		};
		4D6337DB2DE1157700557BDC /* Views */ = {
			isa = PBXGroup;
			children = (
				4D6337D82DE1157700557BDC /* TestReportCardHeaderView.swift */,
				4D6337D92DE1157700557BDC /* TestReportCardItemView.swift */,
				4D6337DA2DE1157700557BDC /* TestReportCardSectionsView.swift */,
			);
			path = Views;
			sourceTree = "<group>";
		};
		4D6337DD2DE1157700557BDC /* TestReportCard */ = {
			isa = PBXGroup;
			children = (
				4D6337DB2DE1157700557BDC /* Views */,
				4D6337DC2DE1157700557BDC /* TestReportCard.swift */,
			);
			path = TestReportCard;
			sourceTree = "<group>";
		};
		4D6337E02DE1157700557BDC /* Views */ = {
			isa = PBXGroup;
			children = (
				4D6337DE2DE1157700557BDC /* TestMenuHeaderView.swift */,
				4D6337DF2DE1157700557BDC /* TestSideMenuListItem.swift */,
			);
			path = Views;
			sourceTree = "<group>";
		};
		4D6337E32DE1157700557BDC /* TestSideMenuScreen */ = {
			isa = PBXGroup;
			children = (
				4D6337E02DE1157700557BDC /* Views */,
				4D6337E12DE1157700557BDC /* TestMenuOptionDataModel.swift */,
				4D6337E22DE1157700557BDC /* TestSideMenuView.swift */,
			);
			path = TestSideMenuScreen;
			sourceTree = "<group>";
		};
		4D6337E42DE1157700557BDC /* Screens */ = {
			isa = PBXGroup;
			children = (
				4D6337DD2DE1157700557BDC /* TestReportCard */,
				4D6337E32DE1157700557BDC /* TestSideMenuScreen */,
			);
			path = Screens;
			sourceTree = "<group>";
		};
		4D6337E62DE1157700557BDC /* Tests */ = {
			isa = PBXGroup;
			children = (
				4D6337E52DE1157700557BDC /* CrashesTests.swift */,
			);
			path = Tests;
			sourceTree = "<group>";
		};
		4D6337E82DE1157700557BDC /* Crashes */ = {
			isa = PBXGroup;
			children = (
				4D6337E62DE1157700557BDC /* Tests */,
				4D6337E72DE1157700557BDC /* CrashesTestsDataModel.swift */,
			);
			path = Crashes;
			sourceTree = "<group>";
		};
		4D6337EA2DE1157700557BDC /* ViewModels */ = {
			isa = PBXGroup;
			children = (
				4D6337E92DE1157700557BDC /* EmbraceInitScreenViewModel.swift */,
			);
			path = ViewModels;
			sourceTree = "<group>";
		};
		4D6337EC2DE1157700557BDC /* EmbraceInit */ = {
			isa = PBXGroup;
			children = (
				4D4CE8002E031A4A00740AC3 /* Supporting */,
				4D4CE7FD2E0319DE00740AC3 /* Views */,
				4D6337EA2DE1157700557BDC /* ViewModels */,
				4D6337EB2DE1157700557BDC /* EmbraceInitScreen.swift */,
			);
			path = EmbraceInit;
			sourceTree = "<group>";
		};
		4D6337EE2DE1157700557BDC /* Tests */ = {
			isa = PBXGroup;
			children = (
				4D6337ED2DE1157700557BDC /* LoggingErrorMessageTest.swift */,
			);
			path = Tests;
			sourceTree = "<group>";
		};
		4D6337F02DE1157700557BDC /* ViewModels */ = {
			isa = PBXGroup;
			children = (
				4D6337EF2DE1157700557BDC /* LoggingTestMessageViewModel.swift */,
			);
			path = ViewModels;
			sourceTree = "<group>";
		};
		4D6337F62DE1157700557BDC /* Views */ = {
			isa = PBXGroup;
			children = (
				4D6337F12DE1157700557BDC /* LoggingTestLogMessageUIComponent.swift */,
				4D6337F22DE1157700557BDC /* LoggingTestsAttachmentView.swift */,
				4D6337F32DE1157700557BDC /* LoggingTestsLogAttributesView.swift */,
				4D6337F42DE1157700557BDC /* LoggingTestsSeverityTypeView.swift */,
				4D6337F52DE1157700557BDC /* LoggingTestsStackTraceSelectionView.swift */,
			);
			path = Views;
			sourceTree = "<group>";
		};
		4D6337F82DE1157700557BDC /* Logging */ = {
			isa = PBXGroup;
			children = (
				4D6337EE2DE1157700557BDC /* Tests */,
				4D6337F02DE1157700557BDC /* ViewModels */,
				4D6337F62DE1157700557BDC /* Views */,
				4D6337F72DE1157700557BDC /* LoggingTestScreenDataModel.swift */,
			);
			path = Logging;
			sourceTree = "<group>";
		};
		4D6337FC2DE1157700557BDC /* Tests */ = {
			isa = PBXGroup;
			children = (
				4D4CE7FB2DFCFA4D00740AC3 /* StartupAppStartupInitSpanTest.swift */,
				4D4CE7F92DFCF99900740AC3 /* StartupProcessLaunchSpanTest.swift */,
				4D4CE7F72DFCF2E500740AC3 /* StartupSDKStartSpanTest.swift */,
				4D4CE7F52DFCF28100740AC3 /* StartupSDKSetupSpanTest.swift */,
				4D4CE7F32DFCF1DB00740AC3 /* StartupFirstFrameSpanTest.swift */,
				4D3334C32DFB892300C699B4 /* StartupStateSpanTest.swift */,
				4D6337F92DE1157700557BDC /* MetadataResourceTest.swift */,
				4D6337FA2DE1157700557BDC /* StartupPreMainPayloadTest.swift */,
				4D6337FB2DE1157700557BDC /* StartupStartupProcessSpanTest.swift */,
			);
			path = Tests;
			sourceTree = "<group>";
		};
		4D6337FE2DE1157700557BDC /* Startup */ = {
			isa = PBXGroup;
			children = (
				4D3334CA2DFCC89300C699B4 /* ViewModels */,
				4D3334C52DFCC72900C699B4 /* Views */,
				4D6337FC2DE1157700557BDC /* Tests */,
				4D6337FD2DE1157700557BDC /* StartupTestsDataModel.swift */,
			);
			path = Startup;
			sourceTree = "<group>";
		};
		4D6338002DE1157700557BDC /* Enums */ = {
			isa = PBXGroup;
			children = (
				4D6337FF2DE1157700557BDC /* URLRequestMethod.swift */,
			);
			path = Enums;
			sourceTree = "<group>";
		};
		4D6338022DE1157700557BDC /* Tests */ = {
			isa = PBXGroup;
			children = (
				4D6338012DE1157700557BDC /* NetworkingTest.swift */,
			);
			path = Tests;
			sourceTree = "<group>";
		};
		4D6338042DE1157700557BDC /* Utils */ = {
			isa = PBXGroup;
			children = (
				4D6338032DE1157700557BDC /* NetworkingTestClient.swift */,
			);
			path = Utils;
			sourceTree = "<group>";
		};
		4D6338062DE1157700557BDC /* ViewModels */ = {
			isa = PBXGroup;
			children = (
				4D6338052DE1157700557BDC /* NetworkingTestViewModel.swift */,
			);
			path = ViewModels;
			sourceTree = "<group>";
		};
		4D63380A2DE1157700557BDC /* Views */ = {
			isa = PBXGroup;
			children = (
				4D6338072DE1157700557BDC /* NetworkingTestBodyPropertyView.swift */,
				4D6338082DE1157700557BDC /* NetworkingTestMethodTypeView.swift */,
				4D6338092DE1157700557BDC /* NetworkingTestUIComponent.swift */,
			);
			path = Views;
			sourceTree = "<group>";
		};
		4D63380C2DE1157700557BDC /* Netowrking */ = {
			isa = PBXGroup;
			children = (
				4D6338002DE1157700557BDC /* Enums */,
				4D6338022DE1157700557BDC /* Tests */,
				4D6338042DE1157700557BDC /* Utils */,
				4D6338062DE1157700557BDC /* ViewModels */,
				4D63380A2DE1157700557BDC /* Views */,
				4D63380B2DE1157700557BDC /* NetworkingTestsDataModel.swift */,
			);
			path = Netowrking;
			sourceTree = "<group>";
		};
		4D63380E2DE1157700557BDC /* Tests */ = {
			isa = PBXGroup;
			children = (
				4D63380D2DE1157700557BDC /* FinishedSessionTest.swift */,
			);
			path = Tests;
			sourceTree = "<group>";
		};
		4D6338102DE1157700557BDC /* ViewModels */ = {
			isa = PBXGroup;
			children = (
				4D63380F2DE1157700557BDC /* SessionTestFinishedSessionTestViewModel.swift */,
			);
			path = ViewModels;
			sourceTree = "<group>";
		};
		4D6338122DE1157700557BDC /* Views */ = {
			isa = PBXGroup;
			children = (
				4D6338112DE1157700557BDC /* SessionTestFinishedSessionUIComponent.swift */,
			);
			path = Views;
			sourceTree = "<group>";
		};
		4D6338142DE1157700557BDC /* Session */ = {
			isa = PBXGroup;
			children = (
				4D63380E2DE1157700557BDC /* Tests */,
				4D6338102DE1157700557BDC /* ViewModels */,
				4D6338122DE1157700557BDC /* Views */,
				4D6338132DE1157700557BDC /* SessionTestsDataModel.swift */,
			);
			path = Session;
			sourceTree = "<group>";
		};
		4D6338162DE1157700557BDC /* Tests */ = {
			isa = PBXGroup;
			children = (
				4D6338152DE1157700557BDC /* UploadedSessionPayloadTest.swift */,
			);
			path = Tests;
			sourceTree = "<group>";
		};
		4D6338182DE1157700557BDC /* ViewModels */ = {
			isa = PBXGroup;
			children = (
				4D6338172DE1157700557BDC /* UploadedSessionPayloadTestViewModel.swift */,
			);
			path = ViewModels;
			sourceTree = "<group>";
		};
		4D63381A2DE1157700557BDC /* Views */ = {
			isa = PBXGroup;
			children = (
				4D03F6DF2DF2544600475383 /* UploadedSessionPayloadTestUserInfoView.swift */,
				4D6338192DE1157700557BDC /* UploadedSessionPayloadUIComponent.swift */,
				4D372B232DF0B11E00B1D1E1 /* UploadedSessionPayloadTestPersonasView.swift */,
			);
			path = Views;
			sourceTree = "<group>";
		};
		4D63381C2DE1157700557BDC /* UploadedPayloads */ = {
			isa = PBXGroup;
			children = (
				4D03F6E12DF36F4C00475383 /* Supporting */,
				4D6338162DE1157700557BDC /* Tests */,
				4D6338182DE1157700557BDC /* ViewModels */,
				4D63381A2DE1157700557BDC /* Views */,
				4D63381B2DE1157700557BDC /* UploadedPayloadsTestsDataModel.swift */,
			);
			path = UploadedPayloads;
			sourceTree = "<group>";
		};
		4D63381F2DE1157700557BDC /* Tests */ = {
			isa = PBXGroup;
			children = (
				4D63381D2DE1157700557BDC /* ViewControllerViewDidAppearTest.swift */,
				4D63381E2DE1157700557BDC /* ViewControllerViewDidLoadTest.swift */,
			);
			path = Tests;
			sourceTree = "<group>";
		};
		4D6338212DE1157700557BDC /* ViewControllers */ = {
			isa = PBXGroup;
			children = (
				4D63381F2DE1157700557BDC /* Tests */,
				4D6338202DE1157700557BDC /* ViewControllerTestsDataModel.swift */,
			);
			path = ViewControllers;
			sourceTree = "<group>";
		};
		4D6338222DE1157700557BDC /* Tests */ = {
			isa = PBXGroup;
			children = (
				4D1E16AC2E678CDE001295A1 /* Performance */,
				4D686FB52E1D747800483C72 /* SwiftUI */,
				4D5E45FC2E0B07D900FA6E0E /* OTel Semantics */,
				4D6337E82DE1157700557BDC /* Crashes */,
				4D6337EC2DE1157700557BDC /* EmbraceInit */,
				4D6337F82DE1157700557BDC /* Logging */,
				4D6337FE2DE1157700557BDC /* Startup */,
				4D63380C2DE1157700557BDC /* Netowrking */,
				4D6338142DE1157700557BDC /* Session */,
				4D63381C2DE1157700557BDC /* UploadedPayloads */,
				4D6338212DE1157700557BDC /* ViewControllers */,
			);
			path = Tests;
			sourceTree = "<group>";
		};
		4D6338272DE1157700557BDC /* EmbraceIOTestApp */ = {
			isa = PBXGroup;
			children = (
				4D6337D52DE1157700557BDC /* Common */,
				4D6337D72DE1157700557BDC /* Preview Content */,
				4D6337E42DE1157700557BDC /* Screens */,
				4D6338222DE1157700557BDC /* Tests */,
				4D6338232DE1157700557BDC /* Assets.xcassets */,
				4D6338242DE1157700557BDC /* ContentView.swift */,
				4D6338252DE1157700557BDC /* EmbraceIOTestAppApp.swift */,
				4D6338262DE1157700557BDC /* Info.plist */,
			);
			path = EmbraceIOTestApp;
			sourceTree = "<group>";
		};
		4D686FB52E1D747800483C72 /* SwiftUI */ = {
			isa = PBXGroup;
			children = (
				4D54F28C2E3ABC9300E38132 /* Supporting */,
				4D7A9E722E1C956F00C43C81 /* ViewModels */,
				4D7A9E6F2E1C946A00C43C81 /* Views */,
				4D686FB62E1D749400483C72 /* Tests */,
				4D686FB72E1D74A900483C72 /* SwiftUITestsDataModel.swift */,
			);
			path = SwiftUI;
			sourceTree = "<group>";
		};
		4D686FB62E1D749400483C72 /* Tests */ = {
			isa = PBXGroup;
			children = (
				4D7A9E6D2E1C3A0100C43C81 /* SwiftUICaptureTest.swift */,
			);
			path = Tests;
			sourceTree = "<group>";
		};
		4D6CDF322D84BBB000BB957F /* Frameworks */ = {
			isa = PBXGroup;
			children = (
			);
			name = Frameworks;
			sourceTree = "<group>";
		};
		4D7A9E6F2E1C946A00C43C81 /* Views */ = {
			isa = PBXGroup;
			children = (
				4DF4408C2E3D518400708D6A /* SwiftUITestsAttributesView.swift */,
				4DF4408A2E3D517400708D6A /* SwiftUITestsLoadedPropertyView.swift */,
				4DF440882E3D502100708D6A /* SwiftUIEmbraceTraceViewCaptureTestUIComponent.swift */,
				4DF440862E3D500300708D6A /* SwiftUIMacroCaptureTestUIComponent.swift */,
				4DF440842E3D4FE500708D6A /* SwiftUIManualCaptureTestUIComponent.swift */,
			);
			path = Views;
			sourceTree = "<group>";
		};
		4D7A9E722E1C956F00C43C81 /* ViewModels */ = {
			isa = PBXGroup;
			children = (
				4D7A9E732E1CA4AF00C43C81 /* SwiftUICaptureTestViewModel.swift */,
			);
			path = ViewModels;
			sourceTree = "<group>";
		};
		4DF12A172D302C3200C93E62 = {
			isa = PBXGroup;
			children = (
				4D6338272DE1157700557BDC /* EmbraceIOTestApp */,
				4D6337A62DE1157200557BDC /* EmbraceIOTestAppUITests */,
				4D6CDF322D84BBB000BB957F /* Frameworks */,
				4DF12A212D302C3200C93E62 /* Products */,
			);
			sourceTree = "<group>";
		};
		4DF12A212D302C3200C93E62 /* Products */ = {
			isa = PBXGroup;
			children = (
				4DF12A202D302C3200C93E62 /* EmbraceIOTestApp.app */,
				4D94F2532D429257008DECEE /* EmbraceIOTestAppUITests.xctest */,
			);
			name = Products;
			sourceTree = "<group>";
		};
/* End PBXGroup section */

/* Begin PBXNativeTarget section */
		4D94F2522D429257008DECEE /* EmbraceIOTestAppUITests */ = {
			isa = PBXNativeTarget;
			buildConfigurationList = 4D94F25B2D429257008DECEE /* Build configuration list for PBXNativeTarget "EmbraceIOTestAppUITests" */;
			buildPhases = (
				4D94F24F2D429257008DECEE /* Sources */,
				4D94F2502D429257008DECEE /* Frameworks */,
				4D94F2512D429257008DECEE /* Resources */,
			);
			buildRules = (
			);
			dependencies = (
				4D94F25A2D429257008DECEE /* PBXTargetDependency */,
			);
			name = EmbraceIOTestAppUITests;
			packageProductDependencies = (
				4D61D1C02DE0BAC70048B5E2 /* EmbraceCore */,
				4D61D1C42DE0BAC70048B5E2 /* EmbraceCrashlyticsSupport */,
				4D61D1C62DE0BAC70048B5E2 /* EmbraceIO */,
				4D61D1C82DE0BAC70048B5E2 /* EmbraceSemantics */,
				FADD99922E3961590076712E /* EmbraceKSCrashSupport */,
			);
			productName = EmbraceIOTestAppUITests;
			productReference = 4D94F2532D429257008DECEE /* EmbraceIOTestAppUITests.xctest */;
			productType = "com.apple.product-type.bundle.ui-testing";
		};
		4DF12A1F2D302C3200C93E62 /* EmbraceIOTestApp */ = {
			isa = PBXNativeTarget;
			buildConfigurationList = 4DF12A2E2D302C3300C93E62 /* Build configuration list for PBXNativeTarget "EmbraceIOTestApp" */;
			buildPhases = (
				4DF12A1C2D302C3200C93E62 /* Sources */,
				4DF12A1D2D302C3200C93E62 /* Frameworks */,
				4DF12A1E2D302C3200C93E62 /* Resources */,
			);
			buildRules = (
			);
			dependencies = (
			);
			name = EmbraceIOTestApp;
			packageProductDependencies = (
				4DF12A322D302CBE00C93E62 /* EmbraceCore */,
				4DF12A362D302CBE00C93E62 /* EmbraceCrashlyticsSupport */,
				4DF12A382D302CBE00C93E62 /* EmbraceIO */,
				4DF12A3A2D302CBE00C93E62 /* EmbraceSemantics */,
				4D61D1B62DE0BA750048B5E2 /* EmbraceCore */,
				4D61D1BA2DE0BA750048B5E2 /* EmbraceCrashlyticsSupport */,
				4D61D1BC2DE0BA750048B5E2 /* EmbraceIO */,
				4D61D1BE2DE0BA750048B5E2 /* EmbraceSemantics */,
				FADD99942E3961600076712E /* EmbraceKSCrashSupport */,
			);
			productName = EmbraceIOTestApp;
			productReference = 4DF12A202D302C3200C93E62 /* EmbraceIOTestApp.app */;
			productType = "com.apple.product-type.application";
		};
/* End PBXNativeTarget section */

/* Begin PBXProject section */
		4DF12A182D302C3200C93E62 /* Project object */ = {
			isa = PBXProject;
			attributes = {
				BuildIndependentTargetsInParallel = 1;
				LastSwiftUpdateCheck = 1620;
				LastUpgradeCheck = 1620;
				TargetAttributes = {
					4D94F2522D429257008DECEE = {
						CreatedOnToolsVersion = 16.2;
						TestTargetID = 4DF12A1F2D302C3200C93E62;
					};
					4DF12A1F2D302C3200C93E62 = {
						CreatedOnToolsVersion = 16.2;
					};
				};
			};
			buildConfigurationList = 4DF12A1B2D302C3200C93E62 /* Build configuration list for PBXProject "EmbraceIOTestApp" */;
			compatibilityVersion = "Xcode 15.0";
			developmentRegion = en;
			hasScannedForEncodings = 0;
			knownRegions = (
				en,
				Base,
			);
			mainGroup = 4DF12A172D302C3200C93E62;
			minimizedProjectReferenceProxies = 1;
			packageReferences = (
				4D54F27F2E3AB89D00E38132 /* XCLocalSwiftPackageReference "../../../embrace-apple-sdk" */,
			);
			productRefGroup = 4DF12A212D302C3200C93E62 /* Products */;
			projectDirPath = "";
			projectRoot = "";
			targets = (
				4DF12A1F2D302C3200C93E62 /* EmbraceIOTestApp */,
				4D94F2522D429257008DECEE /* EmbraceIOTestAppUITests */,
			);
		};
/* End PBXProject section */

/* Begin PBXResourcesBuildPhase section */
		4D94F2512D429257008DECEE /* Resources */ = {
			isa = PBXResourcesBuildPhase;
			buildActionMask = 2147483647;
			files = (
			);
			runOnlyForDeploymentPostprocessing = 0;
		};
		4DF12A1E2D302C3200C93E62 /* Resources */ = {
			isa = PBXResourcesBuildPhase;
			buildActionMask = 2147483647;
			files = (
				4D6338722DE1157700557BDC /* Preview Assets.xcassets in Resources */,
				4D6338732DE1157700557BDC /* Assets.xcassets in Resources */,
			);
			runOnlyForDeploymentPostprocessing = 0;
		};
/* End PBXResourcesBuildPhase section */

/* Begin PBXSourcesBuildPhase section */
		4D94F24F2D429257008DECEE /* Sources */ = {
			isa = PBXSourcesBuildPhase;
			buildActionMask = 2147483647;
			files = (
				4DAF52012DEA51970025F669 /* EmbraceIOTestPostedPayloads.swift in Sources */,
				4D6337A72DE1157200557BDC /* Extensions.swift in Sources */,
				4D6337A82DE1157200557BDC /* EmbraceIOTestCrashesUITests.swift in Sources */,
				4DCD37FE2E70C36E004F28A5 /* EmbraceIOTestSwiftUI.swift in Sources */,
				4D6337A92DE1157200557BDC /* EmbraceIOTestLogsUITests.swift in Sources */,
				4D6337AA2DE1157200557BDC /* EmbraceIOTestStartupUITests.swift in Sources */,
				4D6337AB2DE1157200557BDC /* EmbraceIOTestNetworkingUITests.swift in Sources */,
				4D6337AC2DE1157200557BDC /* EmbraceIOTestSessionSpanUITests.swift in Sources */,
				4D6338752DE1157700557BDC /* URLRequestMethod.swift in Sources */,
				4D6337AD2DE1157200557BDC /* EmbraceIOTestViewUITests.swift in Sources */,
			);
			runOnlyForDeploymentPostprocessing = 0;
		};
		4DF12A1C2D302C3200C93E62 /* Sources */ = {
			isa = PBXSourcesBuildPhase;
			buildActionMask = 2147483647;
			files = (
				4D6338282DE1157700557BDC /* TestResult.swift in Sources */,
				4D54F2922E3ABD8B00E38132 /* SwiftUITestViewMacroCapture.swift in Sources */,
				4D6338292DE1157700557BDC /* TestType.swift in Sources */,
				4D7A9E6E2E1C3A0C00C43C81 /* SwiftUICaptureTest.swift in Sources */,
				4D63382A2DE1157700557BDC /* TestViewModelState.swift in Sources */,
				4D63382B2DE1157700557BDC /* Data+Extensions.swift in Sources */,
				4DF440832E3C4C3700708D6A /* SwiftUITestViewEmbraceViewCapture.swift in Sources */,
				4D63382C2DE1157700557BDC /* Font+Extensions.swift in Sources */,
				4D63382D2DE1157700557BDC /* String+Extensions.swift in Sources */,
				4D1E16C02E68F027001295A1 /* PerformanceLogTest.swift in Sources */,
				4D63382E2DE1157700557BDC /* View+Extensions.swift in Sources */,
				4D63382F2DE1157700557BDC /* DataCollector.swift in Sources */,
				4D6338302DE1157700557BDC /* TestLogRecordExporter.swift in Sources */,
				4DF4408B2E3D517F00708D6A /* SwiftUITestsLoadedPropertyView.swift in Sources */,
				4D6338312DE1157700557BDC /* TestSpanExporter.swift in Sources */,
				4D54F2902E3ABD5800E38132 /* SwiftUITestViewManualCapture.swift in Sources */,
				4D3334CD2DFCC8B100C699B4 /* StartupStateTestViewModel.swift in Sources */,
				4D6338322DE1157700557BDC /* PayloadTestProtocol.swift in Sources */,
				4D3334C42DFB893200C699B4 /* StartupStateSpanTest.swift in Sources */,
				4D6338332DE1157700557BDC /* TestScreenDataModel.swift in Sources */,
				4D4CE7F42DFCF1E500740AC3 /* StartupFirstFrameSpanTest.swift in Sources */,
				4D6338342DE1157700557BDC /* UIComponentViewModelType.swift in Sources */,
				4D6338352DE1157700557BDC /* TestScreen.swift in Sources */,
				4D6338362DE1157700557BDC /* TextFieldRoundedStyle.swift in Sources */,
				4D1E16BA2E67B0D3001295A1 /* PerformanceTestSpansViewModel.swift in Sources */,
				4D6338372DE1157700557BDC /* MockData.swift in Sources */,
				4D4CE8022E031A6200740AC3 /* EmbraceInitForceState.swift in Sources */,
				4D6338382DE1157700557BDC /* MockDataTask.swift in Sources */,
				4D6338392DE1157700557BDC /* NetworkingSwizzle.swift in Sources */,
				4D63383A2DE1157700557BDC /* LogTestUIComponentViewModel.swift in Sources */,
				4D63383B2DE1157700557BDC /* SpanTestUIComponentViewModel.swift in Sources */,
				4D63383C2DE1157700557BDC /* TestReport.swift in Sources */,
				4D63383D2DE1157700557BDC /* TestReportItem.swift in Sources */,
				4DF440872E3D500400708D6A /* SwiftUIMacroCaptureTestUIComponent.swift in Sources */,
				4D63383E2DE1157700557BDC /* UIComponentViewModelBase.swift in Sources */,
				4D63383F2DE1157700557BDC /* EmbraceLargeButton.swift in Sources */,
				4D6338402DE1157700557BDC /* TestComponentViewLabel.swift in Sources */,
				4D6338412DE1157700557BDC /* TestComponentViewResult.swift in Sources */,
				4D3334C72DFCC77D00C699B4 /* StartupStateTestUIComponent.swift in Sources */,
				4D6338422DE1157700557BDC /* TestLogScreenButtonView.swift in Sources */,
				4D6338432DE1157700557BDC /* TestScreenButtonView.swift in Sources */,
				4D6338442DE1157700557BDC /* TestSpanScreenButtonView.swift in Sources */,
				4D6338452DE1157700557BDC /* TestReportCardHeaderView.swift in Sources */,
				4D6338462DE1157700557BDC /* TestReportCardItemView.swift in Sources */,
				4D6338472DE1157700557BDC /* TestReportCardSectionsView.swift in Sources */,
				4D6338482DE1157700557BDC /* TestReportCard.swift in Sources */,
				4D03F6E02DF2545600475383 /* UploadedSessionPayloadTestUserInfoView.swift in Sources */,
				4D1E16BE2E688E3F001295A1 /* PerformanceSpanTest.swift in Sources */,
				4D6338492DE1157700557BDC /* TestMenuHeaderView.swift in Sources */,
				4DF4408D2E3D518B00708D6A /* SwiftUITestsAttributesView.swift in Sources */,
				4D63384A2DE1157700557BDC /* TestSideMenuListItem.swift in Sources */,
				4D63384B2DE1157700557BDC /* TestMenuOptionDataModel.swift in Sources */,
				4D63384C2DE1157700557BDC /* TestSideMenuView.swift in Sources */,
				4D63384D2DE1157700557BDC /* CrashesTests.swift in Sources */,
				4D63384E2DE1157700557BDC /* CrashesTestsDataModel.swift in Sources */,
				4D63384F2DE1157700557BDC /* EmbraceInitScreenViewModel.swift in Sources */,
				4D6338502DE1157700557BDC /* EmbraceInitScreen.swift in Sources */,
				4D6338512DE1157700557BDC /* LoggingErrorMessageTest.swift in Sources */,
				4D1E16B62E67AFE9001295A1 /* PerformanceTestSpansUIComponent.swift in Sources */,
				4DF440892E3D502A00708D6A /* SwiftUIEmbraceTraceViewCaptureTestUIComponent.swift in Sources */,
				4D6338522DE1157700557BDC /* LoggingTestMessageViewModel.swift in Sources */,
				4D4CE7FA2DFCF9A400740AC3 /* StartupProcessLaunchSpanTest.swift in Sources */,
				4D6338532DE1157700557BDC /* LoggingTestLogMessageUIComponent.swift in Sources */,
				4D1E16AE2E678CF7001295A1 /* PerformanceTestScreenDataModel.swift in Sources */,
				4D6338542DE1157700557BDC /* LoggingTestsAttachmentView.swift in Sources */,
				4D6338552DE1157700557BDC /* LoggingTestsLogAttributesView.swift in Sources */,
				4DF440852E3D4FFB00708D6A /* SwiftUIManualCaptureTestUIComponent.swift in Sources */,
				4D54F28E2E3ABCA100E38132 /* SwiftUICaptureType.swift in Sources */,
				4D4CE7F82DFCF2ED00740AC3 /* StartupSDKStartSpanTest.swift in Sources */,
				4D6338562DE1157700557BDC /* LoggingTestsSeverityTypeView.swift in Sources */,
				4D6338572DE1157700557BDC /* LoggingTestsStackTraceSelectionView.swift in Sources */,
				4D6338582DE1157700557BDC /* LoggingTestScreenDataModel.swift in Sources */,
				4D686FB82E1D74BB00483C72 /* SwiftUITestsDataModel.swift in Sources */,
				4D372B242DF0B12E00B1D1E1 /* UploadedSessionPayloadTestPersonasView.swift in Sources */,
				4D6338592DE1157700557BDC /* MetadataResourceTest.swift in Sources */,
				4D63385A2DE1157700557BDC /* StartupPreMainPayloadTest.swift in Sources */,
				4D63385B2DE1157700557BDC /* StartupStartupProcessSpanTest.swift in Sources */,
				4D4CE7F62DFCF28900740AC3 /* StartupSDKSetupSpanTest.swift in Sources */,
				4D63385C2DE1157700557BDC /* StartupTestsDataModel.swift in Sources */,
				4D63385D2DE1157700557BDC /* URLRequestMethod.swift in Sources */,
				4D63385E2DE1157700557BDC /* NetworkingTest.swift in Sources */,
				4D63385F2DE1157700557BDC /* NetworkingTestClient.swift in Sources */,
				4D7A9E742E1CA4B100C43C81 /* SwiftUICaptureTestViewModel.swift in Sources */,
				4D6338602DE1157700557BDC /* NetworkingTestViewModel.swift in Sources */,
				4D4CE7FF2E0319F500740AC3 /* EmbraceInitScreenForceStateView.swift in Sources */,
				4D6338612DE1157700557BDC /* NetworkingTestBodyPropertyView.swift in Sources */,
				4D1E16C22E690834001295A1 /* PerformanceTestSliderView.swift in Sources */,
				4D6338622DE1157700557BDC /* NetworkingTestMethodTypeView.swift in Sources */,
				4D6338632DE1157700557BDC /* NetworkingTestUIComponent.swift in Sources */,
				4D6338642DE1157700557BDC /* NetworkingTestsDataModel.swift in Sources */,
				4D6338652DE1157700557BDC /* FinishedSessionTest.swift in Sources */,
				4D6338662DE1157700557BDC /* SessionTestFinishedSessionTestViewModel.swift in Sources */,
				4D1E16B82E67AFF2001295A1 /* PerformanceTestLogsUIComponent.swift in Sources */,
				4D6338672DE1157700557BDC /* SessionTestFinishedSessionUIComponent.swift in Sources */,
				4D6338682DE1157700557BDC /* SessionTestsDataModel.swift in Sources */,
				4D6338692DE1157700557BDC /* UploadedSessionPayloadTest.swift in Sources */,
				4D63386A2DE1157700557BDC /* UploadedSessionPayloadTestViewModel.swift in Sources */,
				4D5E45FE2E0B07F900FA6E0E /* OTelSemanticsValidation.swift in Sources */,
				4D63386B2DE1157700557BDC /* UploadedSessionPayloadUIComponent.swift in Sources */,
				4D63386C2DE1157700557BDC /* UploadedPayloadsTestsDataModel.swift in Sources */,
				4D63386D2DE1157700557BDC /* ViewControllerViewDidAppearTest.swift in Sources */,
				4D4CE7FC2DFCFA5C00740AC3 /* StartupAppStartupInitSpanTest.swift in Sources */,
				4D63386E2DE1157700557BDC /* ViewControllerViewDidLoadTest.swift in Sources */,
				4D63386F2DE1157700557BDC /* ViewControllerTestsDataModel.swift in Sources */,
				4D1E16BC2E67B21F001295A1 /* PerformanceTestLogsViewModel.swift in Sources */,
				4D6338702DE1157700557BDC /* ContentView.swift in Sources */,
				4D03F6E32DF36F6F00475383 /* UserInfo.swift in Sources */,
				4D6338712DE1157700557BDC /* EmbraceIOTestAppApp.swift in Sources */,
			);
			runOnlyForDeploymentPostprocessing = 0;
		};
/* End PBXSourcesBuildPhase section */

/* Begin PBXTargetDependency section */
		4D94F25A2D429257008DECEE /* PBXTargetDependency */ = {
			isa = PBXTargetDependency;
			target = 4DF12A1F2D302C3200C93E62 /* EmbraceIOTestApp */;
			targetProxy = 4D94F2592D429257008DECEE /* PBXContainerItemProxy */;
		};
/* End PBXTargetDependency section */

/* Begin XCBuildConfiguration section */
		4D94F25C2D429257008DECEE /* Debug */ = {
			isa = XCBuildConfiguration;
			buildSettings = {
				BUNDLE_LOADER = "$(BUILT_PRODUCTS_DIR)/EmbraceIOTestApp.app/EmbraceIOTestApp";
				CODE_SIGN_STYLE = Automatic;
				CURRENT_PROJECT_VERSION = 1;
				GENERATE_INFOPLIST_FILE = YES;
				IPHONEOS_DEPLOYMENT_TARGET = 18.0;
				MARKETING_VERSION = 1.0;
				PRODUCT_BUNDLE_IDENTIFIER = com.embrace.EmbraceIOTestAppUITests;
				PRODUCT_NAME = "$(TARGET_NAME)";
				SWIFT_EMIT_LOC_STRINGS = NO;
				SWIFT_VERSION = 5.0;
				TARGETED_DEVICE_FAMILY = "1,2";
				TEST_HOST = "$(BUINDLE_LOADER)";
				TEST_TARGET_NAME = EmbraceIOTestApp;
			};
			name = Debug;
		};
		4D94F25D2D429257008DECEE /* Release */ = {
			isa = XCBuildConfiguration;
			buildSettings = {
				BUNDLE_LOADER = "$(BUILT_PRODUCTS_DIR)/EmbraceIOTestApp.app/EmbraceIOTestApp";
				CODE_SIGN_STYLE = Automatic;
				CURRENT_PROJECT_VERSION = 1;
				GENERATE_INFOPLIST_FILE = YES;
				IPHONEOS_DEPLOYMENT_TARGET = 18.0;
				MARKETING_VERSION = 1.0;
				PRODUCT_BUNDLE_IDENTIFIER = com.embrace.EmbraceIOTestAppUITests;
				PRODUCT_NAME = "$(TARGET_NAME)";
				SWIFT_EMIT_LOC_STRINGS = NO;
				SWIFT_VERSION = 5.0;
				TARGETED_DEVICE_FAMILY = "1,2";
				TEST_HOST = "$(BUINDLE_LOADER)";
				TEST_TARGET_NAME = EmbraceIOTestApp;
			};
			name = Release;
		};
		4DF12A2C2D302C3300C93E62 /* Debug */ = {
			isa = XCBuildConfiguration;
			buildSettings = {
				ALWAYS_SEARCH_USER_PATHS = NO;
				ASSETCATALOG_COMPILER_GENERATE_SWIFT_ASSET_SYMBOL_EXTENSIONS = YES;
				CLANG_ANALYZER_NONNULL = YES;
				CLANG_ANALYZER_NUMBER_OBJECT_CONVERSION = YES_AGGRESSIVE;
				CLANG_CXX_LANGUAGE_STANDARD = "gnu++20";
				CLANG_ENABLE_MODULES = YES;
				CLANG_ENABLE_OBJC_ARC = YES;
				CLANG_ENABLE_OBJC_WEAK = YES;
				CLANG_WARN_BLOCK_CAPTURE_AUTORELEASING = YES;
				CLANG_WARN_BOOL_CONVERSION = YES;
				CLANG_WARN_COMMA = YES;
				CLANG_WARN_CONSTANT_CONVERSION = YES;
				CLANG_WARN_DEPRECATED_OBJC_IMPLEMENTATIONS = YES;
				CLANG_WARN_DIRECT_OBJC_ISA_USAGE = YES_ERROR;
				CLANG_WARN_DOCUMENTATION_COMMENTS = YES;
				CLANG_WARN_EMPTY_BODY = YES;
				CLANG_WARN_ENUM_CONVERSION = YES;
				CLANG_WARN_INFINITE_RECURSION = YES;
				CLANG_WARN_INT_CONVERSION = YES;
				CLANG_WARN_NON_LITERAL_NULL_CONVERSION = YES;
				CLANG_WARN_OBJC_IMPLICIT_RETAIN_SELF = YES;
				CLANG_WARN_OBJC_LITERAL_CONVERSION = YES;
				CLANG_WARN_OBJC_ROOT_CLASS = YES_ERROR;
				CLANG_WARN_QUOTED_INCLUDE_IN_FRAMEWORK_HEADER = YES;
				CLANG_WARN_RANGE_LOOP_ANALYSIS = YES;
				CLANG_WARN_STRICT_PROTOTYPES = YES;
				CLANG_WARN_SUSPICIOUS_MOVE = YES;
				CLANG_WARN_UNGUARDED_AVAILABILITY = YES_AGGRESSIVE;
				CLANG_WARN_UNREACHABLE_CODE = YES;
				CLANG_WARN__DUPLICATE_METHOD_MATCH = YES;
				COPY_PHASE_STRIP = NO;
				DEBUG_INFORMATION_FORMAT = dwarf;
				ENABLE_STRICT_OBJC_MSGSEND = YES;
				ENABLE_TESTABILITY = YES;
				ENABLE_USER_SCRIPT_SANDBOXING = YES;
				GCC_C_LANGUAGE_STANDARD = gnu17;
				GCC_DYNAMIC_NO_PIC = NO;
				GCC_NO_COMMON_BLOCKS = YES;
				GCC_OPTIMIZATION_LEVEL = 0;
				GCC_PREPROCESSOR_DEFINITIONS = (
					"DEBUG=1",
					"$(inherited)",
				);
				GCC_WARN_64_TO_32_BIT_CONVERSION = YES;
				GCC_WARN_ABOUT_RETURN_TYPE = YES_ERROR;
				GCC_WARN_UNDECLARED_SELECTOR = YES;
				GCC_WARN_UNINITIALIZED_AUTOS = YES_AGGRESSIVE;
				GCC_WARN_UNUSED_FUNCTION = YES;
				GCC_WARN_UNUSED_VARIABLE = YES;
				IPHONEOS_DEPLOYMENT_TARGET = 18.2;
				LOCALIZATION_PREFERS_STRING_CATALOGS = YES;
				MTL_ENABLE_DEBUG_INFO = INCLUDE_SOURCE;
				MTL_FAST_MATH = YES;
				ONLY_ACTIVE_ARCH = YES;
				SDKROOT = iphoneos;
				SWIFT_ACTIVE_COMPILATION_CONDITIONS = "DEBUG $(inherited)";
				SWIFT_OPTIMIZATION_LEVEL = "-Onone";
			};
			name = Debug;
		};
		4DF12A2D2D302C3300C93E62 /* Release */ = {
			isa = XCBuildConfiguration;
			buildSettings = {
				ALWAYS_SEARCH_USER_PATHS = NO;
				ASSETCATALOG_COMPILER_GENERATE_SWIFT_ASSET_SYMBOL_EXTENSIONS = YES;
				CLANG_ANALYZER_NONNULL = YES;
				CLANG_ANALYZER_NUMBER_OBJECT_CONVERSION = YES_AGGRESSIVE;
				CLANG_CXX_LANGUAGE_STANDARD = "gnu++20";
				CLANG_ENABLE_MODULES = YES;
				CLANG_ENABLE_OBJC_ARC = YES;
				CLANG_ENABLE_OBJC_WEAK = YES;
				CLANG_WARN_BLOCK_CAPTURE_AUTORELEASING = YES;
				CLANG_WARN_BOOL_CONVERSION = YES;
				CLANG_WARN_COMMA = YES;
				CLANG_WARN_CONSTANT_CONVERSION = YES;
				CLANG_WARN_DEPRECATED_OBJC_IMPLEMENTATIONS = YES;
				CLANG_WARN_DIRECT_OBJC_ISA_USAGE = YES_ERROR;
				CLANG_WARN_DOCUMENTATION_COMMENTS = YES;
				CLANG_WARN_EMPTY_BODY = YES;
				CLANG_WARN_ENUM_CONVERSION = YES;
				CLANG_WARN_INFINITE_RECURSION = YES;
				CLANG_WARN_INT_CONVERSION = YES;
				CLANG_WARN_NON_LITERAL_NULL_CONVERSION = YES;
				CLANG_WARN_OBJC_IMPLICIT_RETAIN_SELF = YES;
				CLANG_WARN_OBJC_LITERAL_CONVERSION = YES;
				CLANG_WARN_OBJC_ROOT_CLASS = YES_ERROR;
				CLANG_WARN_QUOTED_INCLUDE_IN_FRAMEWORK_HEADER = YES;
				CLANG_WARN_RANGE_LOOP_ANALYSIS = YES;
				CLANG_WARN_STRICT_PROTOTYPES = YES;
				CLANG_WARN_SUSPICIOUS_MOVE = YES;
				CLANG_WARN_UNGUARDED_AVAILABILITY = YES_AGGRESSIVE;
				CLANG_WARN_UNREACHABLE_CODE = YES;
				CLANG_WARN__DUPLICATE_METHOD_MATCH = YES;
				COPY_PHASE_STRIP = NO;
				DEBUG_INFORMATION_FORMAT = "dwarf-with-dsym";
				ENABLE_NS_ASSERTIONS = NO;
				ENABLE_STRICT_OBJC_MSGSEND = YES;
				ENABLE_USER_SCRIPT_SANDBOXING = YES;
				GCC_C_LANGUAGE_STANDARD = gnu17;
				GCC_NO_COMMON_BLOCKS = YES;
				GCC_WARN_64_TO_32_BIT_CONVERSION = YES;
				GCC_WARN_ABOUT_RETURN_TYPE = YES_ERROR;
				GCC_WARN_UNDECLARED_SELECTOR = YES;
				GCC_WARN_UNINITIALIZED_AUTOS = YES_AGGRESSIVE;
				GCC_WARN_UNUSED_FUNCTION = YES;
				GCC_WARN_UNUSED_VARIABLE = YES;
				IPHONEOS_DEPLOYMENT_TARGET = 18.2;
				LOCALIZATION_PREFERS_STRING_CATALOGS = YES;
				MTL_ENABLE_DEBUG_INFO = NO;
				MTL_FAST_MATH = YES;
				SDKROOT = iphoneos;
				SWIFT_COMPILATION_MODE = wholemodule;
				VALIDATE_PRODUCT = YES;
			};
			name = Release;
		};
		4DF12A2F2D302C3300C93E62 /* Debug */ = {
			isa = XCBuildConfiguration;
			buildSettings = {
				ASSETCATALOG_COMPILER_APPICON_NAME = AppIcon;
				ASSETCATALOG_COMPILER_GLOBAL_ACCENT_COLOR_NAME = AccentColor;
				CODE_SIGN_STYLE = Automatic;
				CURRENT_PROJECT_VERSION = 1;
				DEVELOPMENT_ASSET_PATHS = "\"EmbraceIOTestApp/Preview Content\"";
				DEVELOPMENT_TEAM = SH999985NQ;
				ENABLE_PREVIEWS = YES;
				GENERATE_INFOPLIST_FILE = YES;
				INFOPLIST_FILE = EmbraceIOTestApp/Info.plist;
				INFOPLIST_KEY_UIApplicationSceneManifest_Generation = YES;
				INFOPLIST_KEY_UIApplicationSupportsIndirectInputEvents = YES;
				INFOPLIST_KEY_UILaunchScreen_Generation = YES;
				INFOPLIST_KEY_UISupportedInterfaceOrientations_iPad = "UIInterfaceOrientationPortrait UIInterfaceOrientationPortraitUpsideDown UIInterfaceOrientationLandscapeLeft UIInterfaceOrientationLandscapeRight";
				INFOPLIST_KEY_UISupportedInterfaceOrientations_iPhone = "UIInterfaceOrientationPortrait UIInterfaceOrientationLandscapeLeft UIInterfaceOrientationLandscapeRight";
				IPHONEOS_DEPLOYMENT_TARGET = 17.6;
				LD_RUNPATH_SEARCH_PATHS = (
					"$(inherited)",
					"@executable_path/Frameworks",
				);
				MARKETING_VERSION = 1.0;
				PRODUCT_BUNDLE_IDENTIFIER = com.embrace.EmbraceIOTestApp;
				PRODUCT_NAME = "$(TARGET_NAME)";
				SWIFT_EMIT_LOC_STRINGS = YES;
				SWIFT_VERSION = 5.0;
				TARGETED_DEVICE_FAMILY = "1,2";
			};
			name = Debug;
		};
		4DF12A302D302C3300C93E62 /* Release */ = {
			isa = XCBuildConfiguration;
			buildSettings = {
				ASSETCATALOG_COMPILER_APPICON_NAME = AppIcon;
				ASSETCATALOG_COMPILER_GLOBAL_ACCENT_COLOR_NAME = AccentColor;
				CODE_SIGN_STYLE = Automatic;
				CURRENT_PROJECT_VERSION = 1;
				DEVELOPMENT_ASSET_PATHS = "\"EmbraceIOTestApp/Preview Content\"";
				DEVELOPMENT_TEAM = SH999985NQ;
				ENABLE_PREVIEWS = YES;
				GENERATE_INFOPLIST_FILE = YES;
				INFOPLIST_FILE = EmbraceIOTestApp/Info.plist;
				INFOPLIST_KEY_UIApplicationSceneManifest_Generation = YES;
				INFOPLIST_KEY_UIApplicationSupportsIndirectInputEvents = YES;
				INFOPLIST_KEY_UILaunchScreen_Generation = YES;
				INFOPLIST_KEY_UISupportedInterfaceOrientations_iPad = "UIInterfaceOrientationPortrait UIInterfaceOrientationPortraitUpsideDown UIInterfaceOrientationLandscapeLeft UIInterfaceOrientationLandscapeRight";
				INFOPLIST_KEY_UISupportedInterfaceOrientations_iPhone = "UIInterfaceOrientationPortrait UIInterfaceOrientationLandscapeLeft UIInterfaceOrientationLandscapeRight";
				IPHONEOS_DEPLOYMENT_TARGET = 17.6;
				LD_RUNPATH_SEARCH_PATHS = (
					"$(inherited)",
					"@executable_path/Frameworks",
				);
				MARKETING_VERSION = 1.0;
				PRODUCT_BUNDLE_IDENTIFIER = com.embrace.EmbraceIOTestApp;
				PRODUCT_NAME = "$(TARGET_NAME)";
				SWIFT_EMIT_LOC_STRINGS = YES;
				SWIFT_VERSION = 5.0;
				TARGETED_DEVICE_FAMILY = "1,2";
			};
			name = Release;
		};
/* End XCBuildConfiguration section */

/* Begin XCConfigurationList section */
		4D94F25B2D429257008DECEE /* Build configuration list for PBXNativeTarget "EmbraceIOTestAppUITests" */ = {
			isa = XCConfigurationList;
			buildConfigurations = (
				4D94F25C2D429257008DECEE /* Debug */,
				4D94F25D2D429257008DECEE /* Release */,
			);
			defaultConfigurationIsVisible = 0;
			defaultConfigurationName = Release;
		};
		4DF12A1B2D302C3200C93E62 /* Build configuration list for PBXProject "EmbraceIOTestApp" */ = {
			isa = XCConfigurationList;
			buildConfigurations = (
				4DF12A2C2D302C3300C93E62 /* Debug */,
				4DF12A2D2D302C3300C93E62 /* Release */,
			);
			defaultConfigurationIsVisible = 0;
			defaultConfigurationName = Release;
		};
		4DF12A2E2D302C3300C93E62 /* Build configuration list for PBXNativeTarget "EmbraceIOTestApp" */ = {
			isa = XCConfigurationList;
			buildConfigurations = (
				4DF12A2F2D302C3300C93E62 /* Debug */,
				4DF12A302D302C3300C93E62 /* Release */,
			);
			defaultConfigurationIsVisible = 0;
			defaultConfigurationName = Release;
		};
/* End XCConfigurationList section */

/* Begin XCLocalSwiftPackageReference section */
		4D54F27F2E3AB89D00E38132 /* XCLocalSwiftPackageReference "../../../embrace-apple-sdk" */ = {
			isa = XCLocalSwiftPackageReference;
			relativePath = "../../../embrace-apple-sdk";
		};
/* End XCLocalSwiftPackageReference section */

/* Begin XCSwiftPackageProductDependency section */
		4D54F2802E3AB89D00E38132 /* EmbraceCore */ = {
			isa = XCSwiftPackageProductDependency;
			productName = EmbraceCore;
		};
		4D54F2842E3AB89D00E38132 /* EmbraceCrashlyticsSupport */ = {
			isa = XCSwiftPackageProductDependency;
			productName = EmbraceCrashlyticsSupport;
		};
		4D54F2862E3AB89D00E38132 /* EmbraceIO */ = {
			isa = XCSwiftPackageProductDependency;
			productName = EmbraceIO;
		};
		4D54F2882E3AB89D00E38132 /* EmbraceMacros */ = {
			isa = XCSwiftPackageProductDependency;
			productName = EmbraceMacros;
		};
		4D54F28A2E3AB89D00E38132 /* EmbraceSemantics */ = {
			isa = XCSwiftPackageProductDependency;
			productName = EmbraceSemantics;
		};
		4D61D1B62DE0BA750048B5E2 /* EmbraceCore */ = {
			isa = XCSwiftPackageProductDependency;
			productName = EmbraceCore;
		};
		4D61D1BA2DE0BA750048B5E2 /* EmbraceCrashlyticsSupport */ = {
			isa = XCSwiftPackageProductDependency;
			productName = EmbraceCrashlyticsSupport;
		};
		4D61D1BC2DE0BA750048B5E2 /* EmbraceIO */ = {
			isa = XCSwiftPackageProductDependency;
			productName = EmbraceIO;
		};
		4D61D1BE2DE0BA750048B5E2 /* EmbraceSemantics */ = {
			isa = XCSwiftPackageProductDependency;
			productName = EmbraceSemantics;
		};
		4D61D1C02DE0BAC70048B5E2 /* EmbraceCore */ = {
			isa = XCSwiftPackageProductDependency;
			productName = EmbraceCore;
		};
		4D61D1C42DE0BAC70048B5E2 /* EmbraceCrashlyticsSupport */ = {
			isa = XCSwiftPackageProductDependency;
			productName = EmbraceCrashlyticsSupport;
		};
		4D61D1C62DE0BAC70048B5E2 /* EmbraceIO */ = {
			isa = XCSwiftPackageProductDependency;
			productName = EmbraceIO;
		};
		4D61D1C82DE0BAC70048B5E2 /* EmbraceSemantics */ = {
			isa = XCSwiftPackageProductDependency;
			productName = EmbraceSemantics;
		};
		4DF12A322D302CBE00C93E62 /* EmbraceCore */ = {
			isa = XCSwiftPackageProductDependency;
			productName = EmbraceCore;
		};
		4DF12A362D302CBE00C93E62 /* EmbraceCrashlyticsSupport */ = {
			isa = XCSwiftPackageProductDependency;
			productName = EmbraceCrashlyticsSupport;
		};
		4DF12A382D302CBE00C93E62 /* EmbraceIO */ = {
			isa = XCSwiftPackageProductDependency;
			productName = EmbraceIO;
		};
		4DF12A3A2D302CBE00C93E62 /* EmbraceSemantics */ = {
			isa = XCSwiftPackageProductDependency;
			productName = EmbraceSemantics;
		};
		FADD99922E3961590076712E /* EmbraceKSCrashSupport */ = {
			isa = XCSwiftPackageProductDependency;
			productName = EmbraceKSCrashSupport;
		};
		FADD99942E3961600076712E /* EmbraceKSCrashSupport */ = {
			isa = XCSwiftPackageProductDependency;
			productName = EmbraceKSCrashSupport;
		};
/* End XCSwiftPackageProductDependency section */
	};
	rootObject = 4DF12A182D302C3200C93E62 /* Project object */;
}
